// !$*UTF8*$!
{
	archiveVersion = 1;
	classes = {
	};
	objectVersion = 46;
	objects = {

/* Begin PBXBuildFile section */
		049745DE16AB83630096D76A /* attribution.txt in Resources */ = {isa = PBXBuildFile; fileRef = 049745BA16AB83630096D76A /* attribution.txt */; };
		049745DF16AB83630096D76A /* bg_panelLeft.png in Resources */ = {isa = PBXBuildFile; fileRef = 049745BB16AB83630096D76A /* bg_panelLeft.png */; };
		049745E016AB83630096D76A /* bg_panelLeft@2x.png in Resources */ = {isa = PBXBuildFile; fileRef = 049745BC16AB83630096D76A /* bg_panelLeft@2x.png */; };
		049745E116AB83630096D76A /* bg_panelRight.png in Resources */ = {isa = PBXBuildFile; fileRef = 049745BD16AB83630096D76A /* bg_panelRight.png */; };
		049745E216AB83630096D76A /* bg_panelRight@2x.png in Resources */ = {isa = PBXBuildFile; fileRef = 049745BE16AB83630096D76A /* bg_panelRight@2x.png */; };
		049745F216AB83630096D76A /* cellMainBackgroundPlain.png in Resources */ = {isa = PBXBuildFile; fileRef = 049745CF16AB83630096D76A /* cellMainBackgroundPlain.png */; };
		049745F316AB83630096D76A /* cellMainBackgroundPlain@2x.png in Resources */ = {isa = PBXBuildFile; fileRef = 049745D016AB83630096D76A /* cellMainBackgroundPlain@2x.png */; };
		04CD2D4416AB5722003963A9 /* UIKit.framework in Frameworks */ = {isa = PBXBuildFile; fileRef = 04CD2D4316AB5722003963A9 /* UIKit.framework */; };
		04CD2D4616AB5722003963A9 /* Foundation.framework in Frameworks */ = {isa = PBXBuildFile; fileRef = 04CD2D4516AB5722003963A9 /* Foundation.framework */; };
		04CD2D4816AB5722003963A9 /* CoreGraphics.framework in Frameworks */ = {isa = PBXBuildFile; fileRef = 04CD2D4716AB5722003963A9 /* CoreGraphics.framework */; };
		04CD2D4E16AB5722003963A9 /* InfoPlist.strings in Resources */ = {isa = PBXBuildFile; fileRef = 04CD2D4C16AB5722003963A9 /* InfoPlist.strings */; };
		04CD2D5016AB5722003963A9 /* main.m in Sources */ = {isa = PBXBuildFile; fileRef = 04CD2D4F16AB5722003963A9 /* main.m */; };
		04CD2D5416AB5722003963A9 /* AppDelegate.m in Sources */ = {isa = PBXBuildFile; fileRef = 04CD2D5316AB5722003963A9 /* AppDelegate.m */; };
		04CD2D6A16AB574D003963A9 /* MainViewController.m in Sources */ = {isa = PBXBuildFile; fileRef = 04CD2D6816AB574D003963A9 /* MainViewController.m */; };
		04CD2D6B16AB574D003963A9 /* MainViewController.xib in Resources */ = {isa = PBXBuildFile; fileRef = 04CD2D6916AB574D003963A9 /* MainViewController.xib */; };
		04CD2D7416AB577B003963A9 /* CenterViewController.m in Sources */ = {isa = PBXBuildFile; fileRef = 04CD2D7216AB577B003963A9 /* CenterViewController.m */; };
		04CD2D7516AB577B003963A9 /* CenterViewController.xib in Resources */ = {isa = PBXBuildFile; fileRef = 04CD2D7316AB577B003963A9 /* CenterViewController.xib */; };
		04CD2D7716AB5D8A003963A9 /* QuartzCore.framework in Frameworks */ = {isa = PBXBuildFile; fileRef = 04CD2D7616AB5D8A003963A9 /* QuartzCore.framework */; };
		04CD2D8716AB817F003963A9 /* LeftPanelViewController.xib in Resources */ = {isa = PBXBuildFile; fileRef = 04CD2D8316AB817F003963A9 /* LeftPanelViewController.xib */; };
		04CD2D8816AB817F003963A9 /* MainCellLeft.xib in Resources */ = {isa = PBXBuildFile; fileRef = 04CD2D8416AB817F003963A9 /* MainCellLeft.xib */; };
		04CD2D8E16AB8194003963A9 /* LeftPanelViewController.m in Sources */ = {isa = PBXBuildFile; fileRef = 04CD2D8B16AB8193003963A9 /* LeftPanelViewController.m */; };
		1206ACD618919BB80057A9FE /* calendar_icon.png in Resources */ = {isa = PBXBuildFile; fileRef = 1206ACD518919BB80057A9FE /* calendar_icon.png */; };
		1206ACD818919C390057A9FE /* sector_icon.png in Resources */ = {isa = PBXBuildFile; fileRef = 1206ACD718919C390057A9FE /* sector_icon.png */; };
		124B3D5D1891AFEF000064D0 /* DetailTickerViewController.m in Sources */ = {isa = PBXBuildFile; fileRef = 124B3D5B1891AFEF000064D0 /* DetailTickerViewController.m */; };
		124B3D5E1891AFEF000064D0 /* DetailTickerViewController.xib in Resources */ = {isa = PBXBuildFile; fileRef = 124B3D5C1891AFEF000064D0 /* DetailTickerViewController.xib */; };
		124BCE5D189716E800B144DE /* greyButtonHighlight.png in Resources */ = {isa = PBXBuildFile; fileRef = 124BCE5C189716E800B144DE /* greyButtonHighlight.png */; };
		124BCE5F189716F300B144DE /* greyButton@2x.png in Resources */ = {isa = PBXBuildFile; fileRef = 124BCE5E189716F300B144DE /* greyButton@2x.png */; };
		124BCE61189719D700B144DE /* greyButtonBackground.png in Resources */ = {isa = PBXBuildFile; fileRef = 124BCE60189719D700B144DE /* greyButtonBackground.png */; };
		124BCE64189723DF00B144DE /* Constants.m in Sources */ = {isa = PBXBuildFile; fileRef = 124BCE63189723DF00B144DE /* Constants.m */; };
		124BCE661897279100B144DE /* forward icon.png in Resources */ = {isa = PBXBuildFile; fileRef = 124BCE651897279100B144DE /* forward icon.png */; };
		124BCE68189727D100B144DE /* back icon blue.png in Resources */ = {isa = PBXBuildFile; fileRef = 124BCE67189727D100B144DE /* back icon blue.png */; };
		124BCE6A18973A2F00B144DE /* AllEstimatesViewBar.xib in Resources */ = {isa = PBXBuildFile; fileRef = 124BCE6918973A2F00B144DE /* AllEstimatesViewBar.xib */; };
		124BCE6C18980B0C00B144DE /* create_post_icon.png in Resources */ = {isa = PBXBuildFile; fileRef = 124BCE6B18980B0C00B144DE /* create_post_icon.png */; };
		124BCE7018981D8E00B144DE /* CalendarViewController.m in Sources */ = {isa = PBXBuildFile; fileRef = 124BCE6E18981D8D00B144DE /* CalendarViewController.m */; };
		124BCE7118981D8E00B144DE /* CalendarViewController.xib in Resources */ = {isa = PBXBuildFile; fileRef = 124BCE6F18981D8E00B144DE /* CalendarViewController.xib */; };
		1257A13F1891A2E70039EF28 /* estimizeNameLogo.png in Resources */ = {isa = PBXBuildFile; fileRef = 1257A13E1891A2E70039EF28 /* estimizeNameLogo.png */; };
		1270F30C18906CF8008C2C88 /* WatchlistItemStore.m in Sources */ = {isa = PBXBuildFile; fileRef = 1270F30B18906CF8008C2C88 /* WatchlistItemStore.m */; };
		1270F30E18906E0D008C2C88 /* CoreData.framework in Frameworks */ = {isa = PBXBuildFile; fileRef = 1270F30D18906E0D008C2C88 /* CoreData.framework */; };
		1270F31218906E4B008C2C88 /* Estimize.xcdatamodeld in Sources */ = {isa = PBXBuildFile; fileRef = 1270F31018906E4B008C2C88 /* Estimize.xcdatamodeld */; };
		1270F31718907E08008C2C88 /* WatchlistCell.xib in Resources */ = {isa = PBXBuildFile; fileRef = 1270F31618907E08008C2C88 /* WatchlistCell.xib */; };
		1270F31B18918987008C2C88 /* estimizeLogoLargeV2@2x.png in Resources */ = {isa = PBXBuildFile; fileRef = 1270F31A18918987008C2C88 /* estimizeLogoLargeV2@2x.png */; };
		1270F31D18918991008C2C88 /* estimizeLogoSmallV2@2x.png in Resources */ = {isa = PBXBuildFile; fileRef = 1270F31C18918990008C2C88 /* estimizeLogoSmallV2@2x.png */; };
		1270F32018918DC0008C2C88 /* splashScreen.png in Resources */ = {isa = PBXBuildFile; fileRef = 1270F31F18918DC0008C2C88 /* splashScreen.png */; };
		127CA80F1892512500842429 /* estimize_icon_3.png in Resources */ = {isa = PBXBuildFile; fileRef = 127CA80E1892512400842429 /* estimize_icon_3.png */; };
		127CA8151892564900842429 /* estimizeLuanchScreenLogo.png in Resources */ = {isa = PBXBuildFile; fileRef = 127CA8141892564900842429 /* estimizeLuanchScreenLogo.png */; };
		127CA817189256DF00842429 /* splashScreenBackground.png in Resources */ = {isa = PBXBuildFile; fileRef = 127CA816189256DF00842429 /* splashScreenBackground.png */; };
		1287C79D1892E6BB0031BD0D /* estimize_splash_background_Logo_v1.png in Resources */ = {isa = PBXBuildFile; fileRef = 1287C79B1892E6BB0031BD0D /* estimize_splash_background_Logo_v1.png */; };
		1287C79E1892E6BB0031BD0D /* estimize_splash_background_v1.png in Resources */ = {isa = PBXBuildFile; fileRef = 1287C79C1892E6BB0031BD0D /* estimize_splash_background_v1.png */; };
		1287C7A01892EF6E0031BD0D /* estimize_icon_4.png in Resources */ = {isa = PBXBuildFile; fileRef = 1287C79F1892EF6D0031BD0D /* estimize_icon_4.png */; };
		1287C7A41892F32D0031BD0D /* Default-568h@2x.png in Resources */ = {isa = PBXBuildFile; fileRef = 1287C7A11892F32D0031BD0D /* Default-568h@2x.png */; };
		1287C7A51892F32D0031BD0D /* Default.png in Resources */ = {isa = PBXBuildFile; fileRef = 1287C7A21892F32D0031BD0D /* Default.png */; };
		1287C7A61892F32D0031BD0D /* Default@2x.png in Resources */ = {isa = PBXBuildFile; fileRef = 1287C7A31892F32D0031BD0D /* Default@2x.png */; };
		1287C7A91892F5C90031BD0D /* back icon.png in Resources */ = {isa = PBXBuildFile; fileRef = 1287C7A81892F5C90031BD0D /* back icon.png */; };
		1287C7AC1892F8C30031BD0D /* TickerItem.m in Sources */ = {isa = PBXBuildFile; fileRef = 1287C7AB1892F8C30031BD0D /* TickerItem.m */; };
		1287C7B21892F9C90031BD0D /* WatchlistItem.m in Sources */ = {isa = PBXBuildFile; fileRef = 1287C7B11892F9C90031BD0D /* WatchlistItem.m */; };
		1287C7B51892FDF70031BD0D /* TickerItemStore.m in Sources */ = {isa = PBXBuildFile; fileRef = 1287C7B41892FDF70031BD0D /* TickerItemStore.m */; };
		1287C7B9189313FD0031BD0D /* WatchlistItemNewViewController.m in Sources */ = {isa = PBXBuildFile; fileRef = 1287C7B7189313FD0031BD0D /* WatchlistItemNewViewController.m */; };
		1287C7BA189313FD0031BD0D /* WatchlistItemNewViewController.xib in Resources */ = {isa = PBXBuildFile; fileRef = 1287C7B8189313FD0031BD0D /* WatchlistItemNewViewController.xib */; };
		1287C7BD18935A7F0031BD0D /* CustomSearchBar.m in Sources */ = {isa = PBXBuildFile; fileRef = 1287C7BC18935A7F0031BD0D /* CustomSearchBar.m */; };
		12AB6CEF1895B81A001157AC /* libCorePlot-CocoaTouch.a in Frameworks */ = {isa = PBXBuildFile; fileRef = 12AB6CEE1895B81A001157AC /* libCorePlot-CocoaTouch.a */; };
		12AB6CF11895B85D001157AC /* Accelerate.framework in Frameworks */ = {isa = PBXBuildFile; fileRef = 12AB6CF01895B85D001157AC /* Accelerate.framework */; };
		12AB6CF51895B954001157AC /* DetailTickerGraphViewController.m in Sources */ = {isa = PBXBuildFile; fileRef = 12AB6CF31895B954001157AC /* DetailTickerGraphViewController.m */; };
		12AB6CF61895B954001157AC /* DetailTickerGraphViewController.xib in Resources */ = {isa = PBXBuildFile; fileRef = 12AB6CF41895B954001157AC /* DetailTickerGraphViewController.xib */; };
		12B925A618903B3D00AF8396 /* LeftPanelItem.m in Sources */ = {isa = PBXBuildFile; fileRef = 12B925A518903B3C00AF8396 /* LeftPanelItem.m */; };
		12B925A8189041F500AF8396 /* house_icon.png in Resources */ = {isa = PBXBuildFile; fileRef = 12B925A7189041F500AF8396 /* house_icon.png */; };
		12B925AB1890436A00AF8396 /* star_icon.png in Resources */ = {isa = PBXBuildFile; fileRef = 12B925AA1890436A00AF8396 /* star_icon.png */; };
		12B925AD189044F500AF8396 /* rank_icon.png in Resources */ = {isa = PBXBuildFile; fileRef = 12B925AC189044F500AF8396 /* rank_icon.png */; };
		12B925AF1890459000AF8396 /* estimates_icon.png in Resources */ = {isa = PBXBuildFile; fileRef = 12B925AE1890459000AF8396 /* estimates_icon.png */; };
		12B925B21890492600AF8396 /* estimize_icon.png in Resources */ = {isa = PBXBuildFile; fileRef = 12B925B11890492600AF8396 /* estimize_icon.png */; };
		12B925B418904A1600AF8396 /* estimize_icon_2.png in Resources */ = {isa = PBXBuildFile; fileRef = 12B925B318904A1600AF8396 /* estimize_icon_2.png */; };
		12B925B618904E8F00AF8396 /* ProfileCellLeft.xib in Resources */ = {isa = PBXBuildFile; fileRef = 12B925B518904E8F00AF8396 /* ProfileCellLeft.xib */; };
		12B925B81890517D00AF8396 /* defaultProfile_icon.png in Resources */ = {isa = PBXBuildFile; fileRef = 12B925B71890517D00AF8396 /* defaultProfile_icon.png */; };
		12B925BA1890558000AF8396 /* flag_icon.png in Resources */ = {isa = PBXBuildFile; fileRef = 12B925B91890557F00AF8396 /* flag_icon.png */; };
		12B925BC1890558500AF8396 /* gear_icon.png in Resources */ = {isa = PBXBuildFile; fileRef = 12B925BB1890558500AF8396 /* gear_icon.png */; };
		12B925C0189057A000AF8396 /* flag_icon_3.png in Resources */ = {isa = PBXBuildFile; fileRef = 12B925BF189057A000AF8396 /* flag_icon_3.png */; };
		12B925C518905A5500AF8396 /* WatchlistViewController.m in Sources */ = {isa = PBXBuildFile; fileRef = 12B925C318905A5500AF8396 /* WatchlistViewController.m */; };
		12B925C618905A5500AF8396 /* WatchlistViewController.xib in Resources */ = {isa = PBXBuildFile; fileRef = 12B925C418905A5500AF8396 /* WatchlistViewController.xib */; };
		12ECE1081899BB0400EA2FA2 /* Watchlist_Icon_Blue.png in Resources */ = {isa = PBXBuildFile; fileRef = 12ECE1071899BB0400EA2FA2 /* Watchlist_Icon_Blue.png */; };
		12ECE10A1899BBFF00EA2FA2 /* Watchlist_Icon_White.png in Resources */ = {isa = PBXBuildFile; fileRef = 12ECE1091899BBFF00EA2FA2 /* Watchlist_Icon_White.png */; };
		12ECE10C1899BFA300EA2FA2 /* calendar_icon_white.png in Resources */ = {isa = PBXBuildFile; fileRef = 12ECE10B1899BFA300EA2FA2 /* calendar_icon_white.png */; };
		12ECE10E1899C04B00EA2FA2 /* calendar_icon_white2.png in Resources */ = {isa = PBXBuildFile; fileRef = 12ECE10D1899C04B00EA2FA2 /* calendar_icon_white2.png */; };
		12EE146018982B5500C0AA1A /* CalendarDatePickerViewController.m in Sources */ = {isa = PBXBuildFile; fileRef = 12EE145E18982B5500C0AA1A /* CalendarDatePickerViewController.m */; };
		12EE146118982B5500C0AA1A /* CalendarDatePickerViewController.xib in Resources */ = {isa = PBXBuildFile; fileRef = 12EE145F18982B5500C0AA1A /* CalendarDatePickerViewController.xib */; };
		12EE14671898551C00C0AA1A /* WatchlistCell.m in Sources */ = {isa = PBXBuildFile; fileRef = 12EE14661898551C00C0AA1A /* WatchlistCell.m */; };
		12EE146A18985DD000C0AA1A /* CalendarCell.m in Sources */ = {isa = PBXBuildFile; fileRef = 12EE146918985DD000C0AA1A /* CalendarCell.m */; };
		12EE146C18985E0000C0AA1A /* CalendarCell.xib in Resources */ = {isa = PBXBuildFile; fileRef = 12EE146B18985E0000C0AA1A /* CalendarCell.xib */; };
		12EF07C118997828002ADE19 /* logout_icon.png in Resources */ = {isa = PBXBuildFile; fileRef = 12EF07C018997828002ADE19 /* logout_icon.png */; };
		12EF07C3189979DB002ADE19 /* Watchlist_Icon.png in Resources */ = {isa = PBXBuildFile; fileRef = 12EF07C2189979DB002ADE19 /* Watchlist_Icon.png */; };
		12EF07F218998239002ADE19 /* NSMutableArray+SWUtilityButtons.m in Sources */ = {isa = PBXBuildFile; fileRef = 12EF07E718998239002ADE19 /* NSMutableArray+SWUtilityButtons.m */; };
		12EF07F318998239002ADE19 /* SWCellScrollView.m in Sources */ = {isa = PBXBuildFile; fileRef = 12EF07E918998239002ADE19 /* SWCellScrollView.m */; };
		12EF07F418998239002ADE19 /* SWLongPressGestureRecognizer.m in Sources */ = {isa = PBXBuildFile; fileRef = 12EF07EB18998239002ADE19 /* SWLongPressGestureRecognizer.m */; };
		12EF07F518998239002ADE19 /* SWTableViewCell.m in Sources */ = {isa = PBXBuildFile; fileRef = 12EF07ED18998239002ADE19 /* SWTableViewCell.m */; };
		12EF07F618998239002ADE19 /* SWUtilityButtonTapGestureRecognizer.m in Sources */ = {isa = PBXBuildFile; fileRef = 12EF07EF18998239002ADE19 /* SWUtilityButtonTapGestureRecognizer.m */; };
		12EF07F718998239002ADE19 /* SWUtilityButtonView.m in Sources */ = {isa = PBXBuildFile; fileRef = 12EF07F118998239002ADE19 /* SWUtilityButtonView.m */; };
/* End PBXBuildFile section */

/* Begin PBXFileReference section */
		049745BA16AB83630096D76A /* attribution.txt */ = {isa = PBXFileReference; fileEncoding = 4; lastKnownFileType = text; path = attribution.txt; sourceTree = "<group>"; };
		049745BB16AB83630096D76A /* bg_panelLeft.png */ = {isa = PBXFileReference; lastKnownFileType = image.png; path = bg_panelLeft.png; sourceTree = "<group>"; };
		049745BC16AB83630096D76A /* bg_panelLeft@2x.png */ = {isa = PBXFileReference; lastKnownFileType = image.png; path = "bg_panelLeft@2x.png"; sourceTree = "<group>"; };
		049745BD16AB83630096D76A /* bg_panelRight.png */ = {isa = PBXFileReference; lastKnownFileType = image.png; path = bg_panelRight.png; sourceTree = "<group>"; };
		049745BE16AB83630096D76A /* bg_panelRight@2x.png */ = {isa = PBXFileReference; lastKnownFileType = image.png; path = "bg_panelRight@2x.png"; sourceTree = "<group>"; };
		049745CF16AB83630096D76A /* cellMainBackgroundPlain.png */ = {isa = PBXFileReference; lastKnownFileType = image.png; path = cellMainBackgroundPlain.png; sourceTree = "<group>"; };
		049745D016AB83630096D76A /* cellMainBackgroundPlain@2x.png */ = {isa = PBXFileReference; lastKnownFileType = image.png; path = "cellMainBackgroundPlain@2x.png"; sourceTree = "<group>"; };
		04CD2D3F16AB5722003963A9 /* Navigation.app */ = {isa = PBXFileReference; explicitFileType = wrapper.application; includeInIndex = 0; path = Navigation.app; sourceTree = BUILT_PRODUCTS_DIR; };
		04CD2D4316AB5722003963A9 /* UIKit.framework */ = {isa = PBXFileReference; lastKnownFileType = wrapper.framework; name = UIKit.framework; path = System/Library/Frameworks/UIKit.framework; sourceTree = SDKROOT; };
		04CD2D4516AB5722003963A9 /* Foundation.framework */ = {isa = PBXFileReference; lastKnownFileType = wrapper.framework; name = Foundation.framework; path = System/Library/Frameworks/Foundation.framework; sourceTree = SDKROOT; };
		04CD2D4716AB5722003963A9 /* CoreGraphics.framework */ = {isa = PBXFileReference; lastKnownFileType = wrapper.framework; name = CoreGraphics.framework; path = System/Library/Frameworks/CoreGraphics.framework; sourceTree = SDKROOT; };
		04CD2D4B16AB5722003963A9 /* Navigation-Info.plist */ = {isa = PBXFileReference; lastKnownFileType = text.plist.xml; path = "Navigation-Info.plist"; sourceTree = "<group>"; };
		04CD2D4D16AB5722003963A9 /* en */ = {isa = PBXFileReference; lastKnownFileType = text.plist.strings; name = en; path = en.lproj/InfoPlist.strings; sourceTree = "<group>"; };
		04CD2D4F16AB5722003963A9 /* main.m */ = {isa = PBXFileReference; lastKnownFileType = sourcecode.c.objc; path = main.m; sourceTree = "<group>"; };
		04CD2D5116AB5722003963A9 /* Navigation-Prefix.pch */ = {isa = PBXFileReference; lastKnownFileType = sourcecode.c.h; path = "Navigation-Prefix.pch"; sourceTree = "<group>"; };
		04CD2D5216AB5722003963A9 /* AppDelegate.h */ = {isa = PBXFileReference; lastKnownFileType = sourcecode.c.h; path = AppDelegate.h; sourceTree = "<group>"; };
		04CD2D5316AB5722003963A9 /* AppDelegate.m */ = {isa = PBXFileReference; lastKnownFileType = sourcecode.c.objc; path = AppDelegate.m; sourceTree = "<group>"; };
		04CD2D6716AB574D003963A9 /* MainViewController.h */ = {isa = PBXFileReference; fileEncoding = 4; lastKnownFileType = sourcecode.c.h; path = MainViewController.h; sourceTree = "<group>"; };
		04CD2D6816AB574D003963A9 /* MainViewController.m */ = {isa = PBXFileReference; fileEncoding = 4; lastKnownFileType = sourcecode.c.objc; path = MainViewController.m; sourceTree = "<group>"; };
		04CD2D6916AB574D003963A9 /* MainViewController.xib */ = {isa = PBXFileReference; fileEncoding = 4; lastKnownFileType = file.xib; path = MainViewController.xib; sourceTree = "<group>"; };
		04CD2D7116AB577A003963A9 /* CenterViewController.h */ = {isa = PBXFileReference; fileEncoding = 4; lastKnownFileType = sourcecode.c.h; path = CenterViewController.h; sourceTree = "<group>"; };
		04CD2D7216AB577B003963A9 /* CenterViewController.m */ = {isa = PBXFileReference; fileEncoding = 4; lastKnownFileType = sourcecode.c.objc; path = CenterViewController.m; sourceTree = "<group>"; };
		04CD2D7316AB577B003963A9 /* CenterViewController.xib */ = {isa = PBXFileReference; fileEncoding = 4; lastKnownFileType = file.xib; path = CenterViewController.xib; sourceTree = "<group>"; };
		04CD2D7616AB5D8A003963A9 /* QuartzCore.framework */ = {isa = PBXFileReference; lastKnownFileType = wrapper.framework; name = QuartzCore.framework; path = System/Library/Frameworks/QuartzCore.framework; sourceTree = SDKROOT; };
		04CD2D8316AB817F003963A9 /* LeftPanelViewController.xib */ = {isa = PBXFileReference; fileEncoding = 4; lastKnownFileType = file.xib; name = LeftPanelViewController.xib; path = Navigation/Classes/LeftPanelViewController.xib; sourceTree = SOURCE_ROOT; };
		04CD2D8416AB817F003963A9 /* MainCellLeft.xib */ = {isa = PBXFileReference; fileEncoding = 4; lastKnownFileType = file.xib; path = MainCellLeft.xib; sourceTree = "<group>"; };
		04CD2D8A16AB8193003963A9 /* LeftPanelViewController.h */ = {isa = PBXFileReference; fileEncoding = 4; lastKnownFileType = sourcecode.c.h; path = LeftPanelViewController.h; sourceTree = "<group>"; };
		04CD2D8B16AB8193003963A9 /* LeftPanelViewController.m */ = {isa = PBXFileReference; fileEncoding = 4; lastKnownFileType = sourcecode.c.objc; path = LeftPanelViewController.m; sourceTree = "<group>"; };
		1206ACD518919BB80057A9FE /* calendar_icon.png */ = {isa = PBXFileReference; lastKnownFileType = image.png; path = calendar_icon.png; sourceTree = "<group>"; };
		1206ACD718919C390057A9FE /* sector_icon.png */ = {isa = PBXFileReference; lastKnownFileType = image.png; path = sector_icon.png; sourceTree = "<group>"; };
		124B3D5A1891AFEF000064D0 /* DetailTickerViewController.h */ = {isa = PBXFileReference; fileEncoding = 4; lastKnownFileType = sourcecode.c.h; path = DetailTickerViewController.h; sourceTree = "<group>"; };
		124B3D5B1891AFEF000064D0 /* DetailTickerViewController.m */ = {isa = PBXFileReference; fileEncoding = 4; lastKnownFileType = sourcecode.c.objc; path = DetailTickerViewController.m; sourceTree = "<group>"; };
		124B3D5C1891AFEF000064D0 /* DetailTickerViewController.xib */ = {isa = PBXFileReference; fileEncoding = 4; lastKnownFileType = file.xib; path = DetailTickerViewController.xib; sourceTree = "<group>"; };
		124BCE5C189716E800B144DE /* greyButtonHighlight.png */ = {isa = PBXFileReference; lastKnownFileType = image.png; name = greyButtonHighlight.png; path = "../../../../../Downloads/iOS Buttons/buttons/greyButtonHighlight.png"; sourceTree = "<group>"; };
		124BCE5E189716F300B144DE /* greyButton@2x.png */ = {isa = PBXFileReference; lastKnownFileType = image.png; name = "greyButton@2x.png"; path = "../../../../../Downloads/iOS Buttons/buttons/greyButton@2x.png"; sourceTree = "<group>"; };
		124BCE60189719D700B144DE /* greyButtonBackground.png */ = {isa = PBXFileReference; lastKnownFileType = image.png; path = greyButtonBackground.png; sourceTree = "<group>"; };
		124BCE62189723DF00B144DE /* Constants.h */ = {isa = PBXFileReference; fileEncoding = 4; lastKnownFileType = sourcecode.c.h; path = Constants.h; sourceTree = "<group>"; };
		124BCE63189723DF00B144DE /* Constants.m */ = {isa = PBXFileReference; fileEncoding = 4; lastKnownFileType = sourcecode.c.objc; path = Constants.m; sourceTree = "<group>"; };
		124BCE651897279100B144DE /* forward icon.png */ = {isa = PBXFileReference; lastKnownFileType = image.png; path = "forward icon.png"; sourceTree = "<group>"; };
		124BCE67189727D100B144DE /* back icon blue.png */ = {isa = PBXFileReference; lastKnownFileType = image.png; path = "back icon blue.png"; sourceTree = "<group>"; };
		124BCE6918973A2F00B144DE /* AllEstimatesViewBar.xib */ = {isa = PBXFileReference; fileEncoding = 4; lastKnownFileType = file.xib; path = AllEstimatesViewBar.xib; sourceTree = "<group>"; };
		124BCE6B18980B0C00B144DE /* create_post_icon.png */ = {isa = PBXFileReference; lastKnownFileType = image.png; path = create_post_icon.png; sourceTree = "<group>"; };
		124BCE6D18981D8D00B144DE /* CalendarViewController.h */ = {isa = PBXFileReference; fileEncoding = 4; lastKnownFileType = sourcecode.c.h; path = CalendarViewController.h; sourceTree = "<group>"; };
		124BCE6E18981D8D00B144DE /* CalendarViewController.m */ = {isa = PBXFileReference; fileEncoding = 4; lastKnownFileType = sourcecode.c.objc; path = CalendarViewController.m; sourceTree = "<group>"; };
		124BCE6F18981D8E00B144DE /* CalendarViewController.xib */ = {isa = PBXFileReference; fileEncoding = 4; lastKnownFileType = file.xib; path = CalendarViewController.xib; sourceTree = "<group>"; };
		1257A13E1891A2E70039EF28 /* estimizeNameLogo.png */ = {isa = PBXFileReference; lastKnownFileType = image.png; path = estimizeNameLogo.png; sourceTree = "<group>"; };
		1270F30A18906CF8008C2C88 /* WatchlistItemStore.h */ = {isa = PBXFileReference; fileEncoding = 4; lastKnownFileType = sourcecode.c.h; path = WatchlistItemStore.h; sourceTree = "<group>"; };
		1270F30B18906CF8008C2C88 /* WatchlistItemStore.m */ = {isa = PBXFileReference; fileEncoding = 4; lastKnownFileType = sourcecode.c.objc; path = WatchlistItemStore.m; sourceTree = "<group>"; };
		1270F30D18906E0D008C2C88 /* CoreData.framework */ = {isa = PBXFileReference; lastKnownFileType = wrapper.framework; name = CoreData.framework; path = System/Library/Frameworks/CoreData.framework; sourceTree = SDKROOT; };
		1270F31118906E4B008C2C88 /* Estimize.xcdatamodel */ = {isa = PBXFileReference; lastKnownFileType = wrapper.xcdatamodel; path = Estimize.xcdatamodel; sourceTree = "<group>"; };
		1270F31618907E08008C2C88 /* WatchlistCell.xib */ = {isa = PBXFileReference; fileEncoding = 4; lastKnownFileType = file.xib; path = WatchlistCell.xib; sourceTree = "<group>"; };
		1270F31A18918987008C2C88 /* estimizeLogoLargeV2@2x.png */ = {isa = PBXFileReference; lastKnownFileType = image.png; name = "estimizeLogoLargeV2@2x.png"; path = "../../estimizeLogoLargeV2@2x.png"; sourceTree = "<group>"; };
		1270F31C18918990008C2C88 /* estimizeLogoSmallV2@2x.png */ = {isa = PBXFileReference; lastKnownFileType = image.png; name = "estimizeLogoSmallV2@2x.png"; path = "../../estimizeLogoSmallV2@2x.png"; sourceTree = "<group>"; };
		1270F31F18918DC0008C2C88 /* splashScreen.png */ = {isa = PBXFileReference; lastKnownFileType = image.png; path = splashScreen.png; sourceTree = "<group>"; };
		127CA80E1892512400842429 /* estimize_icon_3.png */ = {isa = PBXFileReference; lastKnownFileType = image.png; path = estimize_icon_3.png; sourceTree = "<group>"; };
		127CA8141892564900842429 /* estimizeLuanchScreenLogo.png */ = {isa = PBXFileReference; lastKnownFileType = image.png; path = estimizeLuanchScreenLogo.png; sourceTree = "<group>"; };
		127CA816189256DF00842429 /* splashScreenBackground.png */ = {isa = PBXFileReference; lastKnownFileType = image.png; path = splashScreenBackground.png; sourceTree = "<group>"; };
		1287C79B1892E6BB0031BD0D /* estimize_splash_background_Logo_v1.png */ = {isa = PBXFileReference; lastKnownFileType = image.png; path = estimize_splash_background_Logo_v1.png; sourceTree = "<group>"; };
		1287C79C1892E6BB0031BD0D /* estimize_splash_background_v1.png */ = {isa = PBXFileReference; lastKnownFileType = image.png; path = estimize_splash_background_v1.png; sourceTree = "<group>"; };
		1287C79F1892EF6D0031BD0D /* estimize_icon_4.png */ = {isa = PBXFileReference; lastKnownFileType = image.png; path = estimize_icon_4.png; sourceTree = "<group>"; };
		1287C7A11892F32D0031BD0D /* Default-568h@2x.png */ = {isa = PBXFileReference; lastKnownFileType = image.png; path = "Default-568h@2x.png"; sourceTree = "<group>"; };
		1287C7A21892F32D0031BD0D /* Default.png */ = {isa = PBXFileReference; lastKnownFileType = image.png; path = Default.png; sourceTree = "<group>"; };
		1287C7A31892F32D0031BD0D /* Default@2x.png */ = {isa = PBXFileReference; lastKnownFileType = image.png; path = "Default@2x.png"; sourceTree = "<group>"; };
		1287C7A81892F5C90031BD0D /* back icon.png */ = {isa = PBXFileReference; lastKnownFileType = image.png; path = "back icon.png"; sourceTree = "<group>"; };
		1287C7AA1892F8C30031BD0D /* TickerItem.h */ = {isa = PBXFileReference; fileEncoding = 4; lastKnownFileType = sourcecode.c.h; path = TickerItem.h; sourceTree = "<group>"; };
		1287C7AB1892F8C30031BD0D /* TickerItem.m */ = {isa = PBXFileReference; fileEncoding = 4; lastKnownFileType = sourcecode.c.objc; path = TickerItem.m; sourceTree = "<group>"; };
		1287C7B01892F9C90031BD0D /* WatchlistItem.h */ = {isa = PBXFileReference; fileEncoding = 4; lastKnownFileType = sourcecode.c.h; path = WatchlistItem.h; sourceTree = "<group>"; };
		1287C7B11892F9C90031BD0D /* WatchlistItem.m */ = {isa = PBXFileReference; fileEncoding = 4; lastKnownFileType = sourcecode.c.objc; path = WatchlistItem.m; sourceTree = "<group>"; };
		1287C7B31892FDF70031BD0D /* TickerItemStore.h */ = {isa = PBXFileReference; fileEncoding = 4; lastKnownFileType = sourcecode.c.h; path = TickerItemStore.h; sourceTree = "<group>"; };
		1287C7B41892FDF70031BD0D /* TickerItemStore.m */ = {isa = PBXFileReference; fileEncoding = 4; lastKnownFileType = sourcecode.c.objc; path = TickerItemStore.m; sourceTree = "<group>"; };
		1287C7B6189313FC0031BD0D /* WatchlistItemNewViewController.h */ = {isa = PBXFileReference; fileEncoding = 4; lastKnownFileType = sourcecode.c.h; path = WatchlistItemNewViewController.h; sourceTree = "<group>"; };
		1287C7B7189313FD0031BD0D /* WatchlistItemNewViewController.m */ = {isa = PBXFileReference; fileEncoding = 4; lastKnownFileType = sourcecode.c.objc; path = WatchlistItemNewViewController.m; sourceTree = "<group>"; };
		1287C7B8189313FD0031BD0D /* WatchlistItemNewViewController.xib */ = {isa = PBXFileReference; fileEncoding = 4; lastKnownFileType = file.xib; path = WatchlistItemNewViewController.xib; sourceTree = "<group>"; };
		1287C7BB18935A7F0031BD0D /* CustomSearchBar.h */ = {isa = PBXFileReference; fileEncoding = 4; lastKnownFileType = sourcecode.c.h; path = CustomSearchBar.h; sourceTree = "<group>"; };
		1287C7BC18935A7F0031BD0D /* CustomSearchBar.m */ = {isa = PBXFileReference; fileEncoding = 4; lastKnownFileType = sourcecode.c.objc; path = CustomSearchBar.m; sourceTree = "<group>"; };
		12AB6CA01895B809001157AC /* CorePlot-CocoaTouch.h */ = {isa = PBXFileReference; fileEncoding = 4; lastKnownFileType = sourcecode.c.h; path = "CorePlot-CocoaTouch.h"; sourceTree = "<group>"; };
		12AB6CA11895B809001157AC /* CPTAnimation.h */ = {isa = PBXFileReference; fileEncoding = 4; lastKnownFileType = sourcecode.c.h; path = CPTAnimation.h; sourceTree = "<group>"; };
		12AB6CA21895B809001157AC /* CPTAnimationOperation.h */ = {isa = PBXFileReference; fileEncoding = 4; lastKnownFileType = sourcecode.c.h; path = CPTAnimationOperation.h; sourceTree = "<group>"; };
		12AB6CA31895B809001157AC /* CPTAnimationPeriod.h */ = {isa = PBXFileReference; fileEncoding = 4; lastKnownFileType = sourcecode.c.h; path = CPTAnimationPeriod.h; sourceTree = "<group>"; };
		12AB6CA41895B809001157AC /* CPTAnnotation.h */ = {isa = PBXFileReference; fileEncoding = 4; lastKnownFileType = sourcecode.c.h; path = CPTAnnotation.h; sourceTree = "<group>"; };
		12AB6CA51895B809001157AC /* CPTAnnotationHostLayer.h */ = {isa = PBXFileReference; fileEncoding = 4; lastKnownFileType = sourcecode.c.h; path = CPTAnnotationHostLayer.h; sourceTree = "<group>"; };
		12AB6CA61895B809001157AC /* CPTAxis.h */ = {isa = PBXFileReference; fileEncoding = 4; lastKnownFileType = sourcecode.c.h; path = CPTAxis.h; sourceTree = "<group>"; };
		12AB6CA71895B809001157AC /* CPTAxisLabel.h */ = {isa = PBXFileReference; fileEncoding = 4; lastKnownFileType = sourcecode.c.h; path = CPTAxisLabel.h; sourceTree = "<group>"; };
		12AB6CA81895B80A001157AC /* CPTAxisLabelGroup.h */ = {isa = PBXFileReference; fileEncoding = 4; lastKnownFileType = sourcecode.c.h; path = CPTAxisLabelGroup.h; sourceTree = "<group>"; };
		12AB6CA91895B80A001157AC /* CPTAxisSet.h */ = {isa = PBXFileReference; fileEncoding = 4; lastKnownFileType = sourcecode.c.h; path = CPTAxisSet.h; sourceTree = "<group>"; };
		12AB6CAA1895B80A001157AC /* CPTAxisTitle.h */ = {isa = PBXFileReference; fileEncoding = 4; lastKnownFileType = sourcecode.c.h; path = CPTAxisTitle.h; sourceTree = "<group>"; };
		12AB6CAB1895B80A001157AC /* CPTBarPlot.h */ = {isa = PBXFileReference; fileEncoding = 4; lastKnownFileType = sourcecode.c.h; path = CPTBarPlot.h; sourceTree = "<group>"; };
		12AB6CAC1895B80A001157AC /* CPTBorderedLayer.h */ = {isa = PBXFileReference; fileEncoding = 4; lastKnownFileType = sourcecode.c.h; path = CPTBorderedLayer.h; sourceTree = "<group>"; };
		12AB6CAD1895B80A001157AC /* CPTCalendarFormatter.h */ = {isa = PBXFileReference; fileEncoding = 4; lastKnownFileType = sourcecode.c.h; path = CPTCalendarFormatter.h; sourceTree = "<group>"; };
		12AB6CAE1895B80A001157AC /* CPTColor.h */ = {isa = PBXFileReference; fileEncoding = 4; lastKnownFileType = sourcecode.c.h; path = CPTColor.h; sourceTree = "<group>"; };
		12AB6CAF1895B80A001157AC /* CPTColorSpace.h */ = {isa = PBXFileReference; fileEncoding = 4; lastKnownFileType = sourcecode.c.h; path = CPTColorSpace.h; sourceTree = "<group>"; };
		12AB6CB01895B80A001157AC /* CPTConstraints.h */ = {isa = PBXFileReference; fileEncoding = 4; lastKnownFileType = sourcecode.c.h; path = CPTConstraints.h; sourceTree = "<group>"; };
		12AB6CB11895B80A001157AC /* CPTDataSourceTestCase.h */ = {isa = PBXFileReference; fileEncoding = 4; lastKnownFileType = sourcecode.c.h; path = CPTDataSourceTestCase.h; sourceTree = "<group>"; };
		12AB6CB21895B80A001157AC /* CPTDefinitions.h */ = {isa = PBXFileReference; fileEncoding = 4; lastKnownFileType = sourcecode.c.h; path = CPTDefinitions.h; sourceTree = "<group>"; };
		12AB6CB31895B80A001157AC /* CPTDerivedXYGraph.h */ = {isa = PBXFileReference; fileEncoding = 4; lastKnownFileType = sourcecode.c.h; path = CPTDerivedXYGraph.h; sourceTree = "<group>"; };
		12AB6CB41895B80A001157AC /* CPTExceptions.h */ = {isa = PBXFileReference; fileEncoding = 4; lastKnownFileType = sourcecode.c.h; path = CPTExceptions.h; sourceTree = "<group>"; };
		12AB6CB51895B80A001157AC /* CPTFill.h */ = {isa = PBXFileReference; fileEncoding = 4; lastKnownFileType = sourcecode.c.h; path = CPTFill.h; sourceTree = "<group>"; };
		12AB6CB61895B80A001157AC /* CPTFunctionDataSource.h */ = {isa = PBXFileReference; fileEncoding = 4; lastKnownFileType = sourcecode.c.h; path = CPTFunctionDataSource.h; sourceTree = "<group>"; };
		12AB6CB71895B80A001157AC /* CPTGradient.h */ = {isa = PBXFileReference; fileEncoding = 4; lastKnownFileType = sourcecode.c.h; path = CPTGradient.h; sourceTree = "<group>"; };
		12AB6CB81895B80A001157AC /* CPTGraph.h */ = {isa = PBXFileReference; fileEncoding = 4; lastKnownFileType = sourcecode.c.h; path = CPTGraph.h; sourceTree = "<group>"; };
		12AB6CB91895B80A001157AC /* CPTGraphHostingView.h */ = {isa = PBXFileReference; fileEncoding = 4; lastKnownFileType = sourcecode.c.h; path = CPTGraphHostingView.h; sourceTree = "<group>"; };
		12AB6CBA1895B80A001157AC /* CPTGridLineGroup.h */ = {isa = PBXFileReference; fileEncoding = 4; lastKnownFileType = sourcecode.c.h; path = CPTGridLineGroup.h; sourceTree = "<group>"; };
		12AB6CBB1895B80A001157AC /* CPTGridLines.h */ = {isa = PBXFileReference; fileEncoding = 4; lastKnownFileType = sourcecode.c.h; path = CPTGridLines.h; sourceTree = "<group>"; };
		12AB6CBC1895B80A001157AC /* CPTImage.h */ = {isa = PBXFileReference; fileEncoding = 4; lastKnownFileType = sourcecode.c.h; path = CPTImage.h; sourceTree = "<group>"; };
		12AB6CBD1895B80A001157AC /* CPTLayer.h */ = {isa = PBXFileReference; fileEncoding = 4; lastKnownFileType = sourcecode.c.h; path = CPTLayer.h; sourceTree = "<group>"; };
		12AB6CBE1895B80A001157AC /* CPTLayerAnnotation.h */ = {isa = PBXFileReference; fileEncoding = 4; lastKnownFileType = sourcecode.c.h; path = CPTLayerAnnotation.h; sourceTree = "<group>"; };
		12AB6CBF1895B80A001157AC /* CPTLegend.h */ = {isa = PBXFileReference; fileEncoding = 4; lastKnownFileType = sourcecode.c.h; path = CPTLegend.h; sourceTree = "<group>"; };
		12AB6CC01895B80A001157AC /* CPTLegendEntry.h */ = {isa = PBXFileReference; fileEncoding = 4; lastKnownFileType = sourcecode.c.h; path = CPTLegendEntry.h; sourceTree = "<group>"; };
		12AB6CC11895B80A001157AC /* CPTLimitBand.h */ = {isa = PBXFileReference; fileEncoding = 4; lastKnownFileType = sourcecode.c.h; path = CPTLimitBand.h; sourceTree = "<group>"; };
		12AB6CC21895B80A001157AC /* CPTLineCap.h */ = {isa = PBXFileReference; fileEncoding = 4; lastKnownFileType = sourcecode.c.h; path = CPTLineCap.h; sourceTree = "<group>"; };
		12AB6CC31895B80A001157AC /* CPTLineStyle.h */ = {isa = PBXFileReference; fileEncoding = 4; lastKnownFileType = sourcecode.c.h; path = CPTLineStyle.h; sourceTree = "<group>"; };
		12AB6CC41895B80A001157AC /* CPTMutableLineStyle.h */ = {isa = PBXFileReference; fileEncoding = 4; lastKnownFileType = sourcecode.c.h; path = CPTMutableLineStyle.h; sourceTree = "<group>"; };
		12AB6CC51895B80A001157AC /* CPTMutableNumericData+TypeConversion.h */ = {isa = PBXFileReference; fileEncoding = 4; lastKnownFileType = sourcecode.c.h; path = "CPTMutableNumericData+TypeConversion.h"; sourceTree = "<group>"; };
		12AB6CC61895B80A001157AC /* CPTMutableNumericData.h */ = {isa = PBXFileReference; fileEncoding = 4; lastKnownFileType = sourcecode.c.h; path = CPTMutableNumericData.h; sourceTree = "<group>"; };
		12AB6CC71895B80A001157AC /* CPTMutablePlotRange.h */ = {isa = PBXFileReference; fileEncoding = 4; lastKnownFileType = sourcecode.c.h; path = CPTMutablePlotRange.h; sourceTree = "<group>"; };
		12AB6CC81895B80A001157AC /* CPTMutableShadow.h */ = {isa = PBXFileReference; fileEncoding = 4; lastKnownFileType = sourcecode.c.h; path = CPTMutableShadow.h; sourceTree = "<group>"; };
		12AB6CC91895B80A001157AC /* CPTMutableTextStyle.h */ = {isa = PBXFileReference; fileEncoding = 4; lastKnownFileType = sourcecode.c.h; path = CPTMutableTextStyle.h; sourceTree = "<group>"; };
		12AB6CCA1895B80A001157AC /* CPTNumericData+TypeConversion.h */ = {isa = PBXFileReference; fileEncoding = 4; lastKnownFileType = sourcecode.c.h; path = "CPTNumericData+TypeConversion.h"; sourceTree = "<group>"; };
		12AB6CCB1895B80A001157AC /* CPTNumericData.h */ = {isa = PBXFileReference; fileEncoding = 4; lastKnownFileType = sourcecode.c.h; path = CPTNumericData.h; sourceTree = "<group>"; };
		12AB6CCC1895B80A001157AC /* CPTNumericDataType.h */ = {isa = PBXFileReference; fileEncoding = 4; lastKnownFileType = sourcecode.c.h; path = CPTNumericDataType.h; sourceTree = "<group>"; };
		12AB6CCD1895B80A001157AC /* CPTPathExtensions.h */ = {isa = PBXFileReference; fileEncoding = 4; lastKnownFileType = sourcecode.c.h; path = CPTPathExtensions.h; sourceTree = "<group>"; };
		12AB6CCE1895B80A001157AC /* CPTPieChart.h */ = {isa = PBXFileReference; fileEncoding = 4; lastKnownFileType = sourcecode.c.h; path = CPTPieChart.h; sourceTree = "<group>"; };
		12AB6CCF1895B80A001157AC /* CPTPlatformSpecificCategories.h */ = {isa = PBXFileReference; fileEncoding = 4; lastKnownFileType = sourcecode.c.h; path = CPTPlatformSpecificCategories.h; sourceTree = "<group>"; };
		12AB6CD01895B80A001157AC /* CPTPlatformSpecificDefines.h */ = {isa = PBXFileReference; fileEncoding = 4; lastKnownFileType = sourcecode.c.h; path = CPTPlatformSpecificDefines.h; sourceTree = "<group>"; };
		12AB6CD11895B80A001157AC /* CPTPlatformSpecificFunctions.h */ = {isa = PBXFileReference; fileEncoding = 4; lastKnownFileType = sourcecode.c.h; path = CPTPlatformSpecificFunctions.h; sourceTree = "<group>"; };
		12AB6CD21895B80A001157AC /* CPTPlot.h */ = {isa = PBXFileReference; fileEncoding = 4; lastKnownFileType = sourcecode.c.h; path = CPTPlot.h; sourceTree = "<group>"; };
		12AB6CD31895B80A001157AC /* CPTPlotArea.h */ = {isa = PBXFileReference; fileEncoding = 4; lastKnownFileType = sourcecode.c.h; path = CPTPlotArea.h; sourceTree = "<group>"; };
		12AB6CD41895B80A001157AC /* CPTPlotAreaFrame.h */ = {isa = PBXFileReference; fileEncoding = 4; lastKnownFileType = sourcecode.c.h; path = CPTPlotAreaFrame.h; sourceTree = "<group>"; };
		12AB6CD51895B80A001157AC /* CPTPlotGroup.h */ = {isa = PBXFileReference; fileEncoding = 4; lastKnownFileType = sourcecode.c.h; path = CPTPlotGroup.h; sourceTree = "<group>"; };
		12AB6CD61895B80A001157AC /* CPTPlotRange.h */ = {isa = PBXFileReference; fileEncoding = 4; lastKnownFileType = sourcecode.c.h; path = CPTPlotRange.h; sourceTree = "<group>"; };
		12AB6CD71895B80A001157AC /* CPTPlotSpace.h */ = {isa = PBXFileReference; fileEncoding = 4; lastKnownFileType = sourcecode.c.h; path = CPTPlotSpace.h; sourceTree = "<group>"; };
		12AB6CD81895B80A001157AC /* CPTPlotSpaceAnnotation.h */ = {isa = PBXFileReference; fileEncoding = 4; lastKnownFileType = sourcecode.c.h; path = CPTPlotSpaceAnnotation.h; sourceTree = "<group>"; };
		12AB6CD91895B80A001157AC /* CPTPlotSymbol.h */ = {isa = PBXFileReference; fileEncoding = 4; lastKnownFileType = sourcecode.c.h; path = CPTPlotSymbol.h; sourceTree = "<group>"; };
		12AB6CDA1895B80A001157AC /* CPTRangePlot.h */ = {isa = PBXFileReference; fileEncoding = 4; lastKnownFileType = sourcecode.c.h; path = CPTRangePlot.h; sourceTree = "<group>"; };
		12AB6CDB1895B80A001157AC /* CPTResponder.h */ = {isa = PBXFileReference; fileEncoding = 4; lastKnownFileType = sourcecode.c.h; path = CPTResponder.h; sourceTree = "<group>"; };
		12AB6CDC1895B80A001157AC /* CPTScatterPlot.h */ = {isa = PBXFileReference; fileEncoding = 4; lastKnownFileType = sourcecode.c.h; path = CPTScatterPlot.h; sourceTree = "<group>"; };
		12AB6CDD1895B80A001157AC /* CPTShadow.h */ = {isa = PBXFileReference; fileEncoding = 4; lastKnownFileType = sourcecode.c.h; path = CPTShadow.h; sourceTree = "<group>"; };
		12AB6CDE1895B80A001157AC /* CPTTestCase.h */ = {isa = PBXFileReference; fileEncoding = 4; lastKnownFileType = sourcecode.c.h; path = CPTTestCase.h; sourceTree = "<group>"; };
		12AB6CDF1895B80A001157AC /* CPTTextLayer.h */ = {isa = PBXFileReference; fileEncoding = 4; lastKnownFileType = sourcecode.c.h; path = CPTTextLayer.h; sourceTree = "<group>"; };
		12AB6CE01895B80A001157AC /* CPTTextStyle.h */ = {isa = PBXFileReference; fileEncoding = 4; lastKnownFileType = sourcecode.c.h; path = CPTTextStyle.h; sourceTree = "<group>"; };
		12AB6CE11895B80A001157AC /* CPTTextStylePlatformSpecific.h */ = {isa = PBXFileReference; fileEncoding = 4; lastKnownFileType = sourcecode.c.h; path = CPTTextStylePlatformSpecific.h; sourceTree = "<group>"; };
		12AB6CE21895B80A001157AC /* CPTTheme.h */ = {isa = PBXFileReference; fileEncoding = 4; lastKnownFileType = sourcecode.c.h; path = CPTTheme.h; sourceTree = "<group>"; };
		12AB6CE31895B80A001157AC /* CPTTimeFormatter.h */ = {isa = PBXFileReference; fileEncoding = 4; lastKnownFileType = sourcecode.c.h; path = CPTTimeFormatter.h; sourceTree = "<group>"; };
		12AB6CE41895B80A001157AC /* CPTTradingRangePlot.h */ = {isa = PBXFileReference; fileEncoding = 4; lastKnownFileType = sourcecode.c.h; path = CPTTradingRangePlot.h; sourceTree = "<group>"; };
		12AB6CE51895B80A001157AC /* CPTUtilities.h */ = {isa = PBXFileReference; fileEncoding = 4; lastKnownFileType = sourcecode.c.h; path = CPTUtilities.h; sourceTree = "<group>"; };
		12AB6CE61895B80A001157AC /* CPTXYAxis.h */ = {isa = PBXFileReference; fileEncoding = 4; lastKnownFileType = sourcecode.c.h; path = CPTXYAxis.h; sourceTree = "<group>"; };
		12AB6CE71895B80A001157AC /* CPTXYAxisSet.h */ = {isa = PBXFileReference; fileEncoding = 4; lastKnownFileType = sourcecode.c.h; path = CPTXYAxisSet.h; sourceTree = "<group>"; };
		12AB6CE81895B80A001157AC /* CPTXYGraph.h */ = {isa = PBXFileReference; fileEncoding = 4; lastKnownFileType = sourcecode.c.h; path = CPTXYGraph.h; sourceTree = "<group>"; };
		12AB6CE91895B80A001157AC /* CPTXYPlotSpace.h */ = {isa = PBXFileReference; fileEncoding = 4; lastKnownFileType = sourcecode.c.h; path = CPTXYPlotSpace.h; sourceTree = "<group>"; };
		12AB6CEA1895B80A001157AC /* mainpage.h */ = {isa = PBXFileReference; fileEncoding = 4; lastKnownFileType = sourcecode.c.h; path = mainpage.h; sourceTree = "<group>"; };
		12AB6CEB1895B80A001157AC /* NSCoderExtensions.h */ = {isa = PBXFileReference; fileEncoding = 4; lastKnownFileType = sourcecode.c.h; path = NSCoderExtensions.h; sourceTree = "<group>"; };
		12AB6CEC1895B80A001157AC /* NSDecimalNumberExtensions.h */ = {isa = PBXFileReference; fileEncoding = 4; lastKnownFileType = sourcecode.c.h; path = NSDecimalNumberExtensions.h; sourceTree = "<group>"; };
		12AB6CED1895B80A001157AC /* NSNumberExtensions.h */ = {isa = PBXFileReference; fileEncoding = 4; lastKnownFileType = sourcecode.c.h; path = NSNumberExtensions.h; sourceTree = "<group>"; };
		12AB6CEE1895B81A001157AC /* libCorePlot-CocoaTouch.a */ = {isa = PBXFileReference; lastKnownFileType = archive.ar; name = "libCorePlot-CocoaTouch.a"; path = "Navigation/libCorePlot-CocoaTouch.a"; sourceTree = "<group>"; };
		12AB6CF01895B85D001157AC /* Accelerate.framework */ = {isa = PBXFileReference; lastKnownFileType = wrapper.framework; name = Accelerate.framework; path = System/Library/Frameworks/Accelerate.framework; sourceTree = SDKROOT; };
		12AB6CF21895B954001157AC /* DetailTickerGraphViewController.h */ = {isa = PBXFileReference; fileEncoding = 4; lastKnownFileType = sourcecode.c.h; path = DetailTickerGraphViewController.h; sourceTree = "<group>"; };
		12AB6CF31895B954001157AC /* DetailTickerGraphViewController.m */ = {isa = PBXFileReference; fileEncoding = 4; lastKnownFileType = sourcecode.c.objc; path = DetailTickerGraphViewController.m; sourceTree = "<group>"; };
		12AB6CF41895B954001157AC /* DetailTickerGraphViewController.xib */ = {isa = PBXFileReference; fileEncoding = 4; lastKnownFileType = file.xib; path = DetailTickerGraphViewController.xib; sourceTree = "<group>"; };
		12B925A418903B3C00AF8396 /* LeftPanelItem.h */ = {isa = PBXFileReference; fileEncoding = 4; lastKnownFileType = sourcecode.c.h; path = LeftPanelItem.h; sourceTree = "<group>"; };
		12B925A518903B3C00AF8396 /* LeftPanelItem.m */ = {isa = PBXFileReference; fileEncoding = 4; lastKnownFileType = sourcecode.c.objc; path = LeftPanelItem.m; sourceTree = "<group>"; };
		12B925A7189041F500AF8396 /* house_icon.png */ = {isa = PBXFileReference; lastKnownFileType = image.png; path = house_icon.png; sourceTree = "<group>"; };
		12B925AA1890436A00AF8396 /* star_icon.png */ = {isa = PBXFileReference; lastKnownFileType = image.png; path = star_icon.png; sourceTree = "<group>"; };
		12B925AC189044F500AF8396 /* rank_icon.png */ = {isa = PBXFileReference; lastKnownFileType = image.png; path = rank_icon.png; sourceTree = "<group>"; };
		12B925AE1890459000AF8396 /* estimates_icon.png */ = {isa = PBXFileReference; lastKnownFileType = image.png; path = estimates_icon.png; sourceTree = "<group>"; };
		12B925B11890492600AF8396 /* estimize_icon.png */ = {isa = PBXFileReference; lastKnownFileType = image.png; path = estimize_icon.png; sourceTree = "<group>"; };
		12B925B318904A1600AF8396 /* estimize_icon_2.png */ = {isa = PBXFileReference; lastKnownFileType = image.png; path = estimize_icon_2.png; sourceTree = "<group>"; };
		12B925B518904E8F00AF8396 /* ProfileCellLeft.xib */ = {isa = PBXFileReference; fileEncoding = 4; lastKnownFileType = file.xib; path = ProfileCellLeft.xib; sourceTree = "<group>"; };
		12B925B71890517D00AF8396 /* defaultProfile_icon.png */ = {isa = PBXFileReference; lastKnownFileType = image.png; path = defaultProfile_icon.png; sourceTree = "<group>"; };
		12B925B91890557F00AF8396 /* flag_icon.png */ = {isa = PBXFileReference; lastKnownFileType = image.png; path = flag_icon.png; sourceTree = "<group>"; };
		12B925BB1890558500AF8396 /* gear_icon.png */ = {isa = PBXFileReference; lastKnownFileType = image.png; path = gear_icon.png; sourceTree = "<group>"; };
		12B925BF189057A000AF8396 /* flag_icon_3.png */ = {isa = PBXFileReference; lastKnownFileType = image.png; path = flag_icon_3.png; sourceTree = "<group>"; };
		12B925C218905A5500AF8396 /* WatchlistViewController.h */ = {isa = PBXFileReference; fileEncoding = 4; lastKnownFileType = sourcecode.c.h; path = WatchlistViewController.h; sourceTree = "<group>"; };
		12B925C318905A5500AF8396 /* WatchlistViewController.m */ = {isa = PBXFileReference; fileEncoding = 4; lastKnownFileType = sourcecode.c.objc; path = WatchlistViewController.m; sourceTree = "<group>"; };
		12B925C418905A5500AF8396 /* WatchlistViewController.xib */ = {isa = PBXFileReference; fileEncoding = 4; lastKnownFileType = file.xib; path = WatchlistViewController.xib; sourceTree = "<group>"; };
		12ECE1071899BB0400EA2FA2 /* Watchlist_Icon_Blue.png */ = {isa = PBXFileReference; lastKnownFileType = image.png; path = Watchlist_Icon_Blue.png; sourceTree = "<group>"; };
		12ECE1091899BBFF00EA2FA2 /* Watchlist_Icon_White.png */ = {isa = PBXFileReference; lastKnownFileType = image.png; path = Watchlist_Icon_White.png; sourceTree = "<group>"; };
		12ECE10B1899BFA300EA2FA2 /* calendar_icon_white.png */ = {isa = PBXFileReference; lastKnownFileType = image.png; path = calendar_icon_white.png; sourceTree = "<group>"; };
		12ECE10D1899C04B00EA2FA2 /* calendar_icon_white2.png */ = {isa = PBXFileReference; lastKnownFileType = image.png; path = calendar_icon_white2.png; sourceTree = "<group>"; };
		12EE145D18982B5500C0AA1A /* CalendarDatePickerViewController.h */ = {isa = PBXFileReference; fileEncoding = 4; lastKnownFileType = sourcecode.c.h; path = CalendarDatePickerViewController.h; sourceTree = "<group>"; };
		12EE145E18982B5500C0AA1A /* CalendarDatePickerViewController.m */ = {isa = PBXFileReference; fileEncoding = 4; lastKnownFileType = sourcecode.c.objc; path = CalendarDatePickerViewController.m; sourceTree = "<group>"; };
		12EE145F18982B5500C0AA1A /* CalendarDatePickerViewController.xib */ = {isa = PBXFileReference; fileEncoding = 4; lastKnownFileType = file.xib; path = CalendarDatePickerViewController.xib; sourceTree = "<group>"; };
		12EE14651898551C00C0AA1A /* WatchlistCell.h */ = {isa = PBXFileReference; fileEncoding = 4; lastKnownFileType = sourcecode.c.h; path = WatchlistCell.h; sourceTree = "<group>"; };
		12EE14661898551C00C0AA1A /* WatchlistCell.m */ = {isa = PBXFileReference; fileEncoding = 4; lastKnownFileType = sourcecode.c.objc; path = WatchlistCell.m; sourceTree = "<group>"; };
		12EE146818985DCF00C0AA1A /* CalendarCell.h */ = {isa = PBXFileReference; fileEncoding = 4; lastKnownFileType = sourcecode.c.h; path = CalendarCell.h; sourceTree = "<group>"; };
		12EE146918985DD000C0AA1A /* CalendarCell.m */ = {isa = PBXFileReference; fileEncoding = 4; lastKnownFileType = sourcecode.c.objc; path = CalendarCell.m; sourceTree = "<group>"; };
		12EE146B18985E0000C0AA1A /* CalendarCell.xib */ = {isa = PBXFileReference; fileEncoding = 4; lastKnownFileType = file.xib; path = CalendarCell.xib; sourceTree = "<group>"; };
		12EF07C018997828002ADE19 /* logout_icon.png */ = {isa = PBXFileReference; lastKnownFileType = image.png; path = logout_icon.png; sourceTree = "<group>"; };
		12EF07C2189979DB002ADE19 /* Watchlist_Icon.png */ = {isa = PBXFileReference; lastKnownFileType = image.png; path = Watchlist_Icon.png; sourceTree = "<group>"; };
		12EF07E518998239002ADE19 /* Constants.h */ = {isa = PBXFileReference; fileEncoding = 4; lastKnownFileType = sourcecode.c.h; path = Constants.h; sourceTree = "<group>"; };
		12EF07E618998239002ADE19 /* NSMutableArray+SWUtilityButtons.h */ = {isa = PBXFileReference; fileEncoding = 4; lastKnownFileType = sourcecode.c.h; path = "NSMutableArray+SWUtilityButtons.h"; sourceTree = "<group>"; };
		12EF07E718998239002ADE19 /* NSMutableArray+SWUtilityButtons.m */ = {isa = PBXFileReference; fileEncoding = 4; lastKnownFileType = sourcecode.c.objc; path = "NSMutableArray+SWUtilityButtons.m"; sourceTree = "<group>"; };
		12EF07E818998239002ADE19 /* SWCellScrollView.h */ = {isa = PBXFileReference; fileEncoding = 4; lastKnownFileType = sourcecode.c.h; path = SWCellScrollView.h; sourceTree = "<group>"; };
		12EF07E918998239002ADE19 /* SWCellScrollView.m */ = {isa = PBXFileReference; fileEncoding = 4; lastKnownFileType = sourcecode.c.objc; path = SWCellScrollView.m; sourceTree = "<group>"; };
		12EF07EA18998239002ADE19 /* SWLongPressGestureRecognizer.h */ = {isa = PBXFileReference; fileEncoding = 4; lastKnownFileType = sourcecode.c.h; path = SWLongPressGestureRecognizer.h; sourceTree = "<group>"; };
		12EF07EB18998239002ADE19 /* SWLongPressGestureRecognizer.m */ = {isa = PBXFileReference; fileEncoding = 4; lastKnownFileType = sourcecode.c.objc; path = SWLongPressGestureRecognizer.m; sourceTree = "<group>"; };
		12EF07EC18998239002ADE19 /* SWTableViewCell.h */ = {isa = PBXFileReference; fileEncoding = 4; lastKnownFileType = sourcecode.c.h; path = SWTableViewCell.h; sourceTree = "<group>"; };
		12EF07ED18998239002ADE19 /* SWTableViewCell.m */ = {isa = PBXFileReference; fileEncoding = 4; lastKnownFileType = sourcecode.c.objc; path = SWTableViewCell.m; sourceTree = "<group>"; };
		12EF07EE18998239002ADE19 /* SWUtilityButtonTapGestureRecognizer.h */ = {isa = PBXFileReference; fileEncoding = 4; lastKnownFileType = sourcecode.c.h; path = SWUtilityButtonTapGestureRecognizer.h; sourceTree = "<group>"; };
		12EF07EF18998239002ADE19 /* SWUtilityButtonTapGestureRecognizer.m */ = {isa = PBXFileReference; fileEncoding = 4; lastKnownFileType = sourcecode.c.objc; path = SWUtilityButtonTapGestureRecognizer.m; sourceTree = "<group>"; };
		12EF07F018998239002ADE19 /* SWUtilityButtonView.h */ = {isa = PBXFileReference; fileEncoding = 4; lastKnownFileType = sourcecode.c.h; path = SWUtilityButtonView.h; sourceTree = "<group>"; };
		12EF07F118998239002ADE19 /* SWUtilityButtonView.m */ = {isa = PBXFileReference; fileEncoding = 4; lastKnownFileType = sourcecode.c.objc; path = SWUtilityButtonView.m; sourceTree = "<group>"; };
/* End PBXFileReference section */

/* Begin PBXFrameworksBuildPhase section */
		04CD2D3C16AB5722003963A9 /* Frameworks */ = {
			isa = PBXFrameworksBuildPhase;
			buildActionMask = 2147483647;
			files = (
				12AB6CF11895B85D001157AC /* Accelerate.framework in Frameworks */,
				1270F30E18906E0D008C2C88 /* CoreData.framework in Frameworks */,
				04CD2D7716AB5D8A003963A9 /* QuartzCore.framework in Frameworks */,
				04CD2D4416AB5722003963A9 /* UIKit.framework in Frameworks */,
				04CD2D4616AB5722003963A9 /* Foundation.framework in Frameworks */,
				04CD2D4816AB5722003963A9 /* CoreGraphics.framework in Frameworks */,
				12AB6CEF1895B81A001157AC /* libCorePlot-CocoaTouch.a in Frameworks */,
			);
			runOnlyForDeploymentPostprocessing = 0;
		};
/* End PBXFrameworksBuildPhase section */

/* Begin PBXGroup section */
		049745B916AB83630096D76A /* Assets */ = {
			isa = PBXGroup;
			children = (
				1287C7A71892F5970031BD0D /* DetailViewTickerIcons */,
				1270F32118918DC7008C2C88 /* Splash Screen */,
				1270F31E189189A1008C2C88 /* Icon */,
				12B925B0189045E200AF8396 /* CenterPanelIcons */,
				12B925A91890420200AF8396 /* LeftPanelIcons */,
				049745BA16AB83630096D76A /* attribution.txt */,
				124BCE60189719D700B144DE /* greyButtonBackground.png */,
				124BCE5E189716F300B144DE /* greyButton@2x.png */,
				12ECE10D1899C04B00EA2FA2 /* calendar_icon_white2.png */,
				124BCE67189727D100B144DE /* back icon blue.png */,
				12ECE10B1899BFA300EA2FA2 /* calendar_icon_white.png */,
				124BCE6B18980B0C00B144DE /* create_post_icon.png */,
				124BCE651897279100B144DE /* forward icon.png */,
				124BCE5C189716E800B144DE /* greyButtonHighlight.png */,
				12ECE1091899BBFF00EA2FA2 /* Watchlist_Icon_White.png */,
				12ECE1071899BB0400EA2FA2 /* Watchlist_Icon_Blue.png */,
				12EF07C2189979DB002ADE19 /* Watchlist_Icon.png */,
				049745BB16AB83630096D76A /* bg_panelLeft.png */,
				049745BC16AB83630096D76A /* bg_panelLeft@2x.png */,
				049745BD16AB83630096D76A /* bg_panelRight.png */,
				049745BE16AB83630096D76A /* bg_panelRight@2x.png */,
				049745CF16AB83630096D76A /* cellMainBackgroundPlain.png */,
				049745D016AB83630096D76A /* cellMainBackgroundPlain@2x.png */,
			);
			path = Assets;
			sourceTree = "<group>";
		};
		04CD2D3416AB5722003963A9 = {
			isa = PBXGroup;
			children = (
				12AB6CF01895B85D001157AC /* Accelerate.framework */,
				04CD2D4916AB5722003963A9 /* Navigation */,
				04CD2D4216AB5722003963A9 /* Frameworks */,
				04CD2D4016AB5722003963A9 /* Products */,
			);
			sourceTree = "<group>";
		};
		04CD2D4016AB5722003963A9 /* Products */ = {
			isa = PBXGroup;
			children = (
				04CD2D3F16AB5722003963A9 /* Navigation.app */,
			);
			name = Products;
			sourceTree = "<group>";
		};
		04CD2D4216AB5722003963A9 /* Frameworks */ = {
			isa = PBXGroup;
			children = (
				12AB6CEE1895B81A001157AC /* libCorePlot-CocoaTouch.a */,
				1270F30D18906E0D008C2C88 /* CoreData.framework */,
				04CD2D7616AB5D8A003963A9 /* QuartzCore.framework */,
				04CD2D4316AB5722003963A9 /* UIKit.framework */,
				04CD2D4516AB5722003963A9 /* Foundation.framework */,
				04CD2D4716AB5722003963A9 /* CoreGraphics.framework */,
			);
			name = Frameworks;
			sourceTree = "<group>";
		};
		04CD2D4916AB5722003963A9 /* Navigation */ = {
			isa = PBXGroup;
			children = (
				12EF07E418998239002ADE19 /* PodFiles */,
				12AB6C9F1895B809001157AC /* CorePlotHeaders */,
				1270F30F18906E31008C2C88 /* Data Model */,
				049745B916AB83630096D76A /* Assets */,
				04CD2D8116AB8168003963A9 /* Views */,
				04CD2D6616AB5735003963A9 /* Classes */,
				04CD2D5216AB5722003963A9 /* AppDelegate.h */,
				04CD2D5316AB5722003963A9 /* AppDelegate.m */,
				04CD2D4A16AB5722003963A9 /* Supporting Files */,
			);
			path = Navigation;
			sourceTree = "<group>";
		};
		04CD2D4A16AB5722003963A9 /* Supporting Files */ = {
			isa = PBXGroup;
			children = (
				04CD2D4B16AB5722003963A9 /* Navigation-Info.plist */,
				04CD2D4C16AB5722003963A9 /* InfoPlist.strings */,
				04CD2D4F16AB5722003963A9 /* main.m */,
				04CD2D5116AB5722003963A9 /* Navigation-Prefix.pch */,
			);
			name = "Supporting Files";
			sourceTree = "<group>";
		};
		04CD2D6616AB5735003963A9 /* Classes */ = {
			isa = PBXGroup;
			children = (
				12AB6C341895A342001157AC /* Custom Views */,
				1270F30918906C90008C2C88 /* Stores */,
				12B925C7189060C200AF8396 /* Objects */,
				12B925C1189059D300AF8396 /* OtherViewControllers */,
				1206ACD418919A800057A9FE /* Navigation View Controllers */,
			);
			path = Classes;
			sourceTree = "<group>";
		};
		04CD2D8116AB8168003963A9 /* Views */ = {
			isa = PBXGroup;
			children = (
				04CD2D6916AB574D003963A9 /* MainViewController.xib */,
				04CD2D7316AB577B003963A9 /* CenterViewController.xib */,
				04CD2D8316AB817F003963A9 /* LeftPanelViewController.xib */,
				1287C7B8189313FD0031BD0D /* WatchlistItemNewViewController.xib */,
				12B925C418905A5500AF8396 /* WatchlistViewController.xib */,
				1270F31618907E08008C2C88 /* WatchlistCell.xib */,
				12EE146B18985E0000C0AA1A /* CalendarCell.xib */,
				124B3D5C1891AFEF000064D0 /* DetailTickerViewController.xib */,
				124BCE6918973A2F00B144DE /* AllEstimatesViewBar.xib */,
				12AB6CF41895B954001157AC /* DetailTickerGraphViewController.xib */,
				12B925B518904E8F00AF8396 /* ProfileCellLeft.xib */,
				04CD2D8416AB817F003963A9 /* MainCellLeft.xib */,
				124BCE6F18981D8E00B144DE /* CalendarViewController.xib */,
				12EE145F18982B5500C0AA1A /* CalendarDatePickerViewController.xib */,
			);
			name = Views;
			path = Classes;
			sourceTree = "<group>";
		};
		1206ACD418919A800057A9FE /* Navigation View Controllers */ = {
			isa = PBXGroup;
			children = (
				04CD2D6716AB574D003963A9 /* MainViewController.h */,
				04CD2D6816AB574D003963A9 /* MainViewController.m */,
				04CD2D7116AB577A003963A9 /* CenterViewController.h */,
				04CD2D7216AB577B003963A9 /* CenterViewController.m */,
				04CD2D8A16AB8193003963A9 /* LeftPanelViewController.h */,
				04CD2D8B16AB8193003963A9 /* LeftPanelViewController.m */,
			);
			name = "Navigation View Controllers";
			sourceTree = "<group>";
		};
		1270F30918906C90008C2C88 /* Stores */ = {
			isa = PBXGroup;
			children = (
				1270F30A18906CF8008C2C88 /* WatchlistItemStore.h */,
				1270F30B18906CF8008C2C88 /* WatchlistItemStore.m */,
				1287C7B31892FDF70031BD0D /* TickerItemStore.h */,
				1287C7B41892FDF70031BD0D /* TickerItemStore.m */,
			);
			name = Stores;
			sourceTree = "<group>";
		};
		1270F30F18906E31008C2C88 /* Data Model */ = {
			isa = PBXGroup;
			children = (
				1270F31018906E4B008C2C88 /* Estimize.xcdatamodeld */,
			);
			name = "Data Model";
			sourceTree = "<group>";
		};
		1270F31E189189A1008C2C88 /* Icon */ = {
			isa = PBXGroup;
			children = (
				1270F31C18918990008C2C88 /* estimizeLogoSmallV2@2x.png */,
				1270F31A18918987008C2C88 /* estimizeLogoLargeV2@2x.png */,
			);
			name = Icon;
			sourceTree = "<group>";
		};
		1270F32118918DC7008C2C88 /* Splash Screen */ = {
			isa = PBXGroup;
			children = (
				1287C7A11892F32D0031BD0D /* Default-568h@2x.png */,
				1287C7A21892F32D0031BD0D /* Default.png */,
				1287C7A31892F32D0031BD0D /* Default@2x.png */,
				1287C79B1892E6BB0031BD0D /* estimize_splash_background_Logo_v1.png */,
				1287C79C1892E6BB0031BD0D /* estimize_splash_background_v1.png */,
				1270F31F18918DC0008C2C88 /* splashScreen.png */,
				127CA8141892564900842429 /* estimizeLuanchScreenLogo.png */,
				127CA816189256DF00842429 /* splashScreenBackground.png */,
			);
			name = "Splash Screen";
			sourceTree = "<group>";
		};
		1287C7A71892F5970031BD0D /* DetailViewTickerIcons */ = {
			isa = PBXGroup;
			children = (
				1287C7A81892F5C90031BD0D /* back icon.png */,
			);
			name = DetailViewTickerIcons;
			sourceTree = "<group>";
		};
		12AB6C341895A342001157AC /* Custom Views */ = {
			isa = PBXGroup;
			children = (
				1287C7BB18935A7F0031BD0D /* CustomSearchBar.h */,
				1287C7BC18935A7F0031BD0D /* CustomSearchBar.m */,
				12AB6CF21895B954001157AC /* DetailTickerGraphViewController.h */,
				12AB6CF31895B954001157AC /* DetailTickerGraphViewController.m */,
				12EE14651898551C00C0AA1A /* WatchlistCell.h */,
				12EE14661898551C00C0AA1A /* WatchlistCell.m */,
				12EE146818985DCF00C0AA1A /* CalendarCell.h */,
				12EE146918985DD000C0AA1A /* CalendarCell.m */,
			);
			name = "Custom Views";
			sourceTree = "<group>";
		};
		12AB6C9F1895B809001157AC /* CorePlotHeaders */ = {
			isa = PBXGroup;
			children = (
				12AB6CA01895B809001157AC /* CorePlot-CocoaTouch.h */,
				12AB6CA11895B809001157AC /* CPTAnimation.h */,
				12AB6CA21895B809001157AC /* CPTAnimationOperation.h */,
				12AB6CA31895B809001157AC /* CPTAnimationPeriod.h */,
				12AB6CA41895B809001157AC /* CPTAnnotation.h */,
				12AB6CA51895B809001157AC /* CPTAnnotationHostLayer.h */,
				12AB6CA61895B809001157AC /* CPTAxis.h */,
				12AB6CA71895B809001157AC /* CPTAxisLabel.h */,
				12AB6CA81895B80A001157AC /* CPTAxisLabelGroup.h */,
				12AB6CA91895B80A001157AC /* CPTAxisSet.h */,
				12AB6CAA1895B80A001157AC /* CPTAxisTitle.h */,
				12AB6CAB1895B80A001157AC /* CPTBarPlot.h */,
				12AB6CAC1895B80A001157AC /* CPTBorderedLayer.h */,
				12AB6CAD1895B80A001157AC /* CPTCalendarFormatter.h */,
				12AB6CAE1895B80A001157AC /* CPTColor.h */,
				12AB6CAF1895B80A001157AC /* CPTColorSpace.h */,
				12AB6CB01895B80A001157AC /* CPTConstraints.h */,
				12AB6CB11895B80A001157AC /* CPTDataSourceTestCase.h */,
				12AB6CB21895B80A001157AC /* CPTDefinitions.h */,
				12AB6CB31895B80A001157AC /* CPTDerivedXYGraph.h */,
				12AB6CB41895B80A001157AC /* CPTExceptions.h */,
				12AB6CB51895B80A001157AC /* CPTFill.h */,
				12AB6CB61895B80A001157AC /* CPTFunctionDataSource.h */,
				12AB6CB71895B80A001157AC /* CPTGradient.h */,
				12AB6CB81895B80A001157AC /* CPTGraph.h */,
				12AB6CB91895B80A001157AC /* CPTGraphHostingView.h */,
				12AB6CBA1895B80A001157AC /* CPTGridLineGroup.h */,
				12AB6CBB1895B80A001157AC /* CPTGridLines.h */,
				12AB6CBC1895B80A001157AC /* CPTImage.h */,
				12AB6CBD1895B80A001157AC /* CPTLayer.h */,
				12AB6CBE1895B80A001157AC /* CPTLayerAnnotation.h */,
				12AB6CBF1895B80A001157AC /* CPTLegend.h */,
				12AB6CC01895B80A001157AC /* CPTLegendEntry.h */,
				12AB6CC11895B80A001157AC /* CPTLimitBand.h */,
				12AB6CC21895B80A001157AC /* CPTLineCap.h */,
				12AB6CC31895B80A001157AC /* CPTLineStyle.h */,
				12AB6CC41895B80A001157AC /* CPTMutableLineStyle.h */,
				12AB6CC51895B80A001157AC /* CPTMutableNumericData+TypeConversion.h */,
				12AB6CC61895B80A001157AC /* CPTMutableNumericData.h */,
				12AB6CC71895B80A001157AC /* CPTMutablePlotRange.h */,
				12AB6CC81895B80A001157AC /* CPTMutableShadow.h */,
				12AB6CC91895B80A001157AC /* CPTMutableTextStyle.h */,
				12AB6CCA1895B80A001157AC /* CPTNumericData+TypeConversion.h */,
				12AB6CCB1895B80A001157AC /* CPTNumericData.h */,
				12AB6CCC1895B80A001157AC /* CPTNumericDataType.h */,
				12AB6CCD1895B80A001157AC /* CPTPathExtensions.h */,
				12AB6CCE1895B80A001157AC /* CPTPieChart.h */,
				12AB6CCF1895B80A001157AC /* CPTPlatformSpecificCategories.h */,
				12AB6CD01895B80A001157AC /* CPTPlatformSpecificDefines.h */,
				12AB6CD11895B80A001157AC /* CPTPlatformSpecificFunctions.h */,
				12AB6CD21895B80A001157AC /* CPTPlot.h */,
				12AB6CD31895B80A001157AC /* CPTPlotArea.h */,
				12AB6CD41895B80A001157AC /* CPTPlotAreaFrame.h */,
				12AB6CD51895B80A001157AC /* CPTPlotGroup.h */,
				12AB6CD61895B80A001157AC /* CPTPlotRange.h */,
				12AB6CD71895B80A001157AC /* CPTPlotSpace.h */,
				12AB6CD81895B80A001157AC /* CPTPlotSpaceAnnotation.h */,
				12AB6CD91895B80A001157AC /* CPTPlotSymbol.h */,
				12AB6CDA1895B80A001157AC /* CPTRangePlot.h */,
				12AB6CDB1895B80A001157AC /* CPTResponder.h */,
				12AB6CDC1895B80A001157AC /* CPTScatterPlot.h */,
				12AB6CDD1895B80A001157AC /* CPTShadow.h */,
				12AB6CDE1895B80A001157AC /* CPTTestCase.h */,
				12AB6CDF1895B80A001157AC /* CPTTextLayer.h */,
				12AB6CE01895B80A001157AC /* CPTTextStyle.h */,
				12AB6CE11895B80A001157AC /* CPTTextStylePlatformSpecific.h */,
				12AB6CE21895B80A001157AC /* CPTTheme.h */,
				12AB6CE31895B80A001157AC /* CPTTimeFormatter.h */,
				12AB6CE41895B80A001157AC /* CPTTradingRangePlot.h */,
				12AB6CE51895B80A001157AC /* CPTUtilities.h */,
				12AB6CE61895B80A001157AC /* CPTXYAxis.h */,
				12AB6CE71895B80A001157AC /* CPTXYAxisSet.h */,
				12AB6CE81895B80A001157AC /* CPTXYGraph.h */,
				12AB6CE91895B80A001157AC /* CPTXYPlotSpace.h */,
				12AB6CEA1895B80A001157AC /* mainpage.h */,
				12AB6CEB1895B80A001157AC /* NSCoderExtensions.h */,
				12AB6CEC1895B80A001157AC /* NSDecimalNumberExtensions.h */,
				12AB6CED1895B80A001157AC /* NSNumberExtensions.h */,
			);
			path = CorePlotHeaders;
			sourceTree = "<group>";
		};
		12B925A91890420200AF8396 /* LeftPanelIcons */ = {
			isa = PBXGroup;
			children = (
				12EF07C018997828002ADE19 /* logout_icon.png */,
				1206ACD518919BB80057A9FE /* calendar_icon.png */,
				1206ACD718919C390057A9FE /* sector_icon.png */,
				12B925BF189057A000AF8396 /* flag_icon_3.png */,
				12B925B71890517D00AF8396 /* defaultProfile_icon.png */,
				1257A13E1891A2E70039EF28 /* estimizeNameLogo.png */,
				12B925AE1890459000AF8396 /* estimates_icon.png */,
				12B925B91890557F00AF8396 /* flag_icon.png */,
				12B925BB1890558500AF8396 /* gear_icon.png */,
				12B925AA1890436A00AF8396 /* star_icon.png */,
				12B925AC189044F500AF8396 /* rank_icon.png */,
				12B925A7189041F500AF8396 /* house_icon.png */,
			);
			name = LeftPanelIcons;
			sourceTree = "<group>";
		};
		12B925B0189045E200AF8396 /* CenterPanelIcons */ = {
			isa = PBXGroup;
			children = (
				1287C79F1892EF6D0031BD0D /* estimize_icon_4.png */,
				127CA80E1892512400842429 /* estimize_icon_3.png */,
				12B925B318904A1600AF8396 /* estimize_icon_2.png */,
				12B925B11890492600AF8396 /* estimize_icon.png */,
			);
			name = CenterPanelIcons;
			sourceTree = "<group>";
		};
		12B925C1189059D300AF8396 /* OtherViewControllers */ = {
			isa = PBXGroup;
			children = (
				12B925C218905A5500AF8396 /* WatchlistViewController.h */,
				12B925C318905A5500AF8396 /* WatchlistViewController.m */,
				1287C7B6189313FC0031BD0D /* WatchlistItemNewViewController.h */,
				1287C7B7189313FD0031BD0D /* WatchlistItemNewViewController.m */,
				124B3D5A1891AFEF000064D0 /* DetailTickerViewController.h */,
				124B3D5B1891AFEF000064D0 /* DetailTickerViewController.m */,
				124BCE6D18981D8D00B144DE /* CalendarViewController.h */,
				124BCE6E18981D8D00B144DE /* CalendarViewController.m */,
				12EE145D18982B5500C0AA1A /* CalendarDatePickerViewController.h */,
				12EE145E18982B5500C0AA1A /* CalendarDatePickerViewController.m */,
			);
			name = OtherViewControllers;
			sourceTree = "<group>";
		};
		12B925C7189060C200AF8396 /* Objects */ = {
			isa = PBXGroup;
			children = (
				1287C7AA1892F8C30031BD0D /* TickerItem.h */,
				1287C7AB1892F8C30031BD0D /* TickerItem.m */,
				1287C7B01892F9C90031BD0D /* WatchlistItem.h */,
				1287C7B11892F9C90031BD0D /* WatchlistItem.m */,
				12B925A418903B3C00AF8396 /* LeftPanelItem.h */,
				12B925A518903B3C00AF8396 /* LeftPanelItem.m */,
				124BCE62189723DF00B144DE /* Constants.h */,
				124BCE63189723DF00B144DE /* Constants.m */,
			);
			name = Objects;
			sourceTree = "<group>";
		};
		12EF07E418998239002ADE19 /* PodFiles */ = {
			isa = PBXGroup;
			children = (
				12EF07E518998239002ADE19 /* Constants.h */,
				12EF07E618998239002ADE19 /* NSMutableArray+SWUtilityButtons.h */,
				12EF07E718998239002ADE19 /* NSMutableArray+SWUtilityButtons.m */,
				12EF07E818998239002ADE19 /* SWCellScrollView.h */,
				12EF07E918998239002ADE19 /* SWCellScrollView.m */,
				12EF07EA18998239002ADE19 /* SWLongPressGestureRecognizer.h */,
				12EF07EB18998239002ADE19 /* SWLongPressGestureRecognizer.m */,
				12EF07EC18998239002ADE19 /* SWTableViewCell.h */,
				12EF07ED18998239002ADE19 /* SWTableViewCell.m */,
				12EF07EE18998239002ADE19 /* SWUtilityButtonTapGestureRecognizer.h */,
				12EF07EF18998239002ADE19 /* SWUtilityButtonTapGestureRecognizer.m */,
				12EF07F018998239002ADE19 /* SWUtilityButtonView.h */,
				12EF07F118998239002ADE19 /* SWUtilityButtonView.m */,
			);
			path = PodFiles;
			sourceTree = "<group>";
		};
/* End PBXGroup section */

/* Begin PBXNativeTarget section */
		04CD2D3E16AB5722003963A9 /* Navigation */ = {
			isa = PBXNativeTarget;
			buildConfigurationList = 04CD2D6316AB5722003963A9 /* Build configuration list for PBXNativeTarget "Navigation" */;
			buildPhases = (
				04CD2D3B16AB5722003963A9 /* Sources */,
				04CD2D3C16AB5722003963A9 /* Frameworks */,
				04CD2D3D16AB5722003963A9 /* Resources */,
			);
			buildRules = (
			);
			dependencies = (
			);
			name = Navigation;
			productName = Navigation;
			productReference = 04CD2D3F16AB5722003963A9 /* Navigation.app */;
			productType = "com.apple.product-type.application";
		};
/* End PBXNativeTarget section */

/* Begin PBXProject section */
		04CD2D3616AB5722003963A9 /* Project object */ = {
			isa = PBXProject;
			attributes = {
				LastUpgradeCheck = 0450;
				ORGANIZATIONNAME = "Kevin Fox";
			};
			buildConfigurationList = 04CD2D3916AB5722003963A9 /* Build configuration list for PBXProject "Estimize_dev" */;
			compatibilityVersion = "Xcode 3.2";
			developmentRegion = English;
			hasScannedForEncodings = 0;
			knownRegions = (
				en,
			);
			mainGroup = 04CD2D3416AB5722003963A9;
			productRefGroup = 04CD2D4016AB5722003963A9 /* Products */;
			projectDirPath = "";
			projectRoot = "";
			targets = (
				04CD2D3E16AB5722003963A9 /* Navigation */,
			);
		};
/* End PBXProject section */

/* Begin PBXResourcesBuildPhase section */
		04CD2D3D16AB5722003963A9 /* Resources */ = {
			isa = PBXResourcesBuildPhase;
			buildActionMask = 2147483647;
			files = (
				04CD2D4E16AB5722003963A9 /* InfoPlist.strings in Resources */,
				04CD2D6B16AB574D003963A9 /* MainViewController.xib in Resources */,
				04CD2D7516AB577B003963A9 /* CenterViewController.xib in Resources */,
				04CD2D8716AB817F003963A9 /* LeftPanelViewController.xib in Resources */,
				04CD2D8816AB817F003963A9 /* MainCellLeft.xib in Resources */,
				049745DE16AB83630096D76A /* attribution.txt in Resources */,
				049745DF16AB83630096D76A /* bg_panelLeft.png in Resources */,
				049745E016AB83630096D76A /* bg_panelLeft@2x.png in Resources */,
				049745E116AB83630096D76A /* bg_panelRight.png in Resources */,
				049745E216AB83630096D76A /* bg_panelRight@2x.png in Resources */,
				049745F216AB83630096D76A /* cellMainBackgroundPlain.png in Resources */,
				049745F316AB83630096D76A /* cellMainBackgroundPlain@2x.png in Resources */,
				12B925A8189041F500AF8396 /* house_icon.png in Resources */,
				12B925AB1890436A00AF8396 /* star_icon.png in Resources */,
				12B925AD189044F500AF8396 /* rank_icon.png in Resources */,
				12B925AF1890459000AF8396 /* estimates_icon.png in Resources */,
				12B925B21890492600AF8396 /* estimize_icon.png in Resources */,
				12B925B418904A1600AF8396 /* estimize_icon_2.png in Resources */,
				12B925B618904E8F00AF8396 /* ProfileCellLeft.xib in Resources */,
				12B925B81890517D00AF8396 /* defaultProfile_icon.png in Resources */,
				12B925BA1890558000AF8396 /* flag_icon.png in Resources */,
				12B925BC1890558500AF8396 /* gear_icon.png in Resources */,
				12B925C0189057A000AF8396 /* flag_icon_3.png in Resources */,
				12B925C618905A5500AF8396 /* WatchlistViewController.xib in Resources */,
				1270F31718907E08008C2C88 /* WatchlistCell.xib in Resources */,
				1270F31B18918987008C2C88 /* estimizeLogoLargeV2@2x.png in Resources */,
				1270F31D18918991008C2C88 /* estimizeLogoSmallV2@2x.png in Resources */,
				1270F32018918DC0008C2C88 /* splashScreen.png in Resources */,
				1206ACD618919BB80057A9FE /* calendar_icon.png in Resources */,
				1206ACD818919C390057A9FE /* sector_icon.png in Resources */,
				1257A13F1891A2E70039EF28 /* estimizeNameLogo.png in Resources */,
				124B3D5E1891AFEF000064D0 /* DetailTickerViewController.xib in Resources */,
				127CA80F1892512500842429 /* estimize_icon_3.png in Resources */,
				127CA8151892564900842429 /* estimizeLuanchScreenLogo.png in Resources */,
				127CA817189256DF00842429 /* splashScreenBackground.png in Resources */,
				1287C79D1892E6BB0031BD0D /* estimize_splash_background_Logo_v1.png in Resources */,
				1287C79E1892E6BB0031BD0D /* estimize_splash_background_v1.png in Resources */,
				1287C7A01892EF6E0031BD0D /* estimize_icon_4.png in Resources */,
				1287C7A41892F32D0031BD0D /* Default-568h@2x.png in Resources */,
				1287C7A51892F32D0031BD0D /* Default.png in Resources */,
				1287C7A61892F32D0031BD0D /* Default@2x.png in Resources */,
				1287C7A91892F5C90031BD0D /* back icon.png in Resources */,
				1287C7BA189313FD0031BD0D /* WatchlistItemNewViewController.xib in Resources */,
				12AB6CF61895B954001157AC /* DetailTickerGraphViewController.xib in Resources */,
				124BCE5D189716E800B144DE /* greyButtonHighlight.png in Resources */,
				124BCE5F189716F300B144DE /* greyButton@2x.png in Resources */,
				124BCE61189719D700B144DE /* greyButtonBackground.png in Resources */,
				124BCE661897279100B144DE /* forward icon.png in Resources */,
				124BCE68189727D100B144DE /* back icon blue.png in Resources */,
				124BCE6A18973A2F00B144DE /* AllEstimatesViewBar.xib in Resources */,
				124BCE6C18980B0C00B144DE /* create_post_icon.png in Resources */,
				124BCE7118981D8E00B144DE /* CalendarViewController.xib in Resources */,
				12EE146118982B5500C0AA1A /* CalendarDatePickerViewController.xib in Resources */,
				12EE146C18985E0000C0AA1A /* CalendarCell.xib in Resources */,
				12EF07C118997828002ADE19 /* logout_icon.png in Resources */,
				12EF07C3189979DB002ADE19 /* Watchlist_Icon.png in Resources */,
				12ECE1081899BB0400EA2FA2 /* Watchlist_Icon_Blue.png in Resources */,
				12ECE10A1899BBFF00EA2FA2 /* Watchlist_Icon_White.png in Resources */,
				12ECE10C1899BFA300EA2FA2 /* calendar_icon_white.png in Resources */,
				12ECE10E1899C04B00EA2FA2 /* calendar_icon_white2.png in Resources */,
			);
			runOnlyForDeploymentPostprocessing = 0;
		};
/* End PBXResourcesBuildPhase section */

/* Begin PBXSourcesBuildPhase section */
		04CD2D3B16AB5722003963A9 /* Sources */ = {
			isa = PBXSourcesBuildPhase;
			buildActionMask = 2147483647;
			files = (
				04CD2D5016AB5722003963A9 /* main.m in Sources */,
				04CD2D5416AB5722003963A9 /* AppDelegate.m in Sources */,
				04CD2D6A16AB574D003963A9 /* MainViewController.m in Sources */,
				04CD2D7416AB577B003963A9 /* CenterViewController.m in Sources */,
				04CD2D8E16AB8194003963A9 /* LeftPanelViewController.m in Sources */,
				12B925A618903B3D00AF8396 /* LeftPanelItem.m in Sources */,
				12B925C518905A5500AF8396 /* WatchlistViewController.m in Sources */,
				1270F30C18906CF8008C2C88 /* WatchlistItemStore.m in Sources */,
				1270F31218906E4B008C2C88 /* Estimize.xcdatamodeld in Sources */,
				124B3D5D1891AFEF000064D0 /* DetailTickerViewController.m in Sources */,
				1287C7AC1892F8C30031BD0D /* TickerItem.m in Sources */,
				1287C7B21892F9C90031BD0D /* WatchlistItem.m in Sources */,
				1287C7B51892FDF70031BD0D /* TickerItemStore.m in Sources */,
				1287C7B9189313FD0031BD0D /* WatchlistItemNewViewController.m in Sources */,
				1287C7BD18935A7F0031BD0D /* CustomSearchBar.m in Sources */,
				12AB6CF51895B954001157AC /* DetailTickerGraphViewController.m in Sources */,
				124BCE64189723DF00B144DE /* Constants.m in Sources */,
				124BCE7018981D8E00B144DE /* CalendarViewController.m in Sources */,
				12EE146018982B5500C0AA1A /* CalendarDatePickerViewController.m in Sources */,
				12EE14671898551C00C0AA1A /* WatchlistCell.m in Sources */,
				12EE146A18985DD000C0AA1A /* CalendarCell.m in Sources */,
				12EF07F218998239002ADE19 /* NSMutableArray+SWUtilityButtons.m in Sources */,
				12EF07F318998239002ADE19 /* SWCellScrollView.m in Sources */,
				12EF07F418998239002ADE19 /* SWLongPressGestureRecognizer.m in Sources */,
				12EF07F518998239002ADE19 /* SWTableViewCell.m in Sources */,
				12EF07F618998239002ADE19 /* SWUtilityButtonTapGestureRecognizer.m in Sources */,
				12EF07F718998239002ADE19 /* SWUtilityButtonView.m in Sources */,
			);
			runOnlyForDeploymentPostprocessing = 0;
		};
/* End PBXSourcesBuildPhase section */

/* Begin PBXVariantGroup section */
		04CD2D4C16AB5722003963A9 /* InfoPlist.strings */ = {
			isa = PBXVariantGroup;
			children = (
				04CD2D4D16AB5722003963A9 /* en */,
			);
			name = InfoPlist.strings;
			sourceTree = "<group>";
		};
/* End PBXVariantGroup section */

/* Begin XCBuildConfiguration section */
		04CD2D6116AB5722003963A9 /* Debug */ = {
			isa = XCBuildConfiguration;
			buildSettings = {
				ALWAYS_SEARCH_USER_PATHS = NO;
				CLANG_CXX_LANGUAGE_STANDARD = "gnu++0x";
				CLANG_CXX_LIBRARY = "libc++";
				CLANG_ENABLE_OBJC_ARC = YES;
				CLANG_WARN_EMPTY_BODY = YES;
				CLANG_WARN__DUPLICATE_METHOD_MATCH = YES;
				"CODE_SIGN_IDENTITY[sdk=iphoneos*]" = "iPhone Developer";
				COPY_PHASE_STRIP = NO;
				GCC_C_LANGUAGE_STANDARD = gnu99;
				GCC_DYNAMIC_NO_PIC = NO;
				GCC_OPTIMIZATION_LEVEL = 0;
				GCC_PREPROCESSOR_DEFINITIONS = (
					"DEBUG=1",
					"$(inherited)",
				);
				GCC_SYMBOLS_PRIVATE_EXTERN = NO;
				GCC_WARN_ABOUT_RETURN_TYPE = YES;
				GCC_WARN_UNINITIALIZED_AUTOS = YES;
				GCC_WARN_UNUSED_VARIABLE = YES;
				IPHONEOS_DEPLOYMENT_TARGET = 6.1;
				ONLY_ACTIVE_ARCH = YES;
				SDKROOT = iphoneos;
			};
			name = Debug;
		};
		04CD2D6216AB5722003963A9 /* Release */ = {
			isa = XCBuildConfiguration;
			buildSettings = {
				ALWAYS_SEARCH_USER_PATHS = NO;
				CLANG_CXX_LANGUAGE_STANDARD = "gnu++0x";
				CLANG_CXX_LIBRARY = "libc++";
				CLANG_ENABLE_OBJC_ARC = YES;
				CLANG_WARN_EMPTY_BODY = YES;
				CLANG_WARN__DUPLICATE_METHOD_MATCH = YES;
				"CODE_SIGN_IDENTITY[sdk=iphoneos*]" = "iPhone Developer";
				COPY_PHASE_STRIP = YES;
				GCC_C_LANGUAGE_STANDARD = gnu99;
				GCC_WARN_ABOUT_RETURN_TYPE = YES;
				GCC_WARN_UNINITIALIZED_AUTOS = YES;
				GCC_WARN_UNUSED_VARIABLE = YES;
				IPHONEOS_DEPLOYMENT_TARGET = 6.1;
				OTHER_CFLAGS = "-DNS_BLOCK_ASSERTIONS=1";
				SDKROOT = iphoneos;
				VALIDATE_PRODUCT = YES;
			};
			name = Release;
		};
		04CD2D6416AB5722003963A9 /* Debug */ = {
			isa = XCBuildConfiguration;
			buildSettings = {
				GCC_PRECOMPILE_PREFIX_HEADER = YES;
				GCC_PREFIX_HEADER = "Navigation/Navigation-Prefix.pch";
				INFOPLIST_FILE = "Navigation/Navigation-Info.plist";
				IPHONEOS_DEPLOYMENT_TARGET = 6.1;
				LIBRARY_SEARCH_PATHS = (
					"$(inherited)",
					"\"$(SRCROOT)/Navigation\"",
				);
				OTHER_LDFLAGS = (
					"-all_load",
					"-ObjC",
				);
				PRODUCT_NAME = "$(TARGET_NAME)";
				TARGETED_DEVICE_FAMILY = 1;
				WRAPPER_EXTENSION = app;
			};
			name = Debug;
		};
		04CD2D6516AB5722003963A9 /* Release */ = {
			isa = XCBuildConfiguration;
			buildSettings = {
				GCC_PRECOMPILE_PREFIX_HEADER = YES;
				GCC_PREFIX_HEADER = "Navigation/Navigation-Prefix.pch";
				INFOPLIST_FILE = "Navigation/Navigation-Info.plist";
				IPHONEOS_DEPLOYMENT_TARGET = 6.1;
				LIBRARY_SEARCH_PATHS = (
					"$(inherited)",
					"\"$(SRCROOT)/Navigation\"",
				);
				OTHER_LDFLAGS = (
					"-all_load",
					"-ObjC",
				);
				PRODUCT_NAME = "$(TARGET_NAME)";
				TARGETED_DEVICE_FAMILY = 1;
				WRAPPER_EXTENSION = app;
			};
			name = Release;
		};
/* End XCBuildConfiguration section */

/* Begin XCConfigurationList section */
		04CD2D3916AB5722003963A9 /* Build configuration list for PBXProject "Estimize_dev" */ = {
			isa = XCConfigurationList;
			buildConfigurations = (
				04CD2D6116AB5722003963A9 /* Debug */,
				04CD2D6216AB5722003963A9 /* Release */,
			);
			defaultConfigurationIsVisible = 0;
			defaultConfigurationName = Release;
		};
		04CD2D6316AB5722003963A9 /* Build configuration list for PBXNativeTarget "Navigation" */ = {
			isa = XCConfigurationList;
			buildConfigurations = (
				04CD2D6416AB5722003963A9 /* Debug */,
				04CD2D6516AB5722003963A9 /* Release */,
			);
			defaultConfigurationIsVisible = 0;
			defaultConfigurationName = Release;
		};
/* End XCConfigurationList section */

/* Begin XCVersionGroup section */
		1270F31018906E4B008C2C88 /* Estimize.xcdatamodeld */ = {
			isa = XCVersionGroup;
			children = (
				1270F31118906E4B008C2C88 /* Estimize.xcdatamodel */,
			);
			currentVersion = 1270F31118906E4B008C2C88 /* Estimize.xcdatamodel */;
			path = Estimize.xcdatamodeld;
			sourceTree = "<group>";
			versionGroupType = wrapper.xcdatamodel;
		};
/* End XCVersionGroup section */
	};
	rootObject = 04CD2D3616AB5722003963A9 /* Project object */;
}
